// !$*UTF8*$!
{
	archiveVersion = 1;
	classes = {
	};
	objectVersion = 55;
	objects = {

/* Begin PBXBuildFile section */
		CE2C43992822D2B0000007A2 /* App.swift in Sources */ = {isa = PBXBuildFile; fileRef = CE2C43982822D2B0000007A2 /* App.swift */; };
		CE2C439D2822D2B0000007A2 /* Assets.xcassets in Resources */ = {isa = PBXBuildFile; fileRef = CE2C439C2822D2B0000007A2 /* Assets.xcassets */; };
		CE2C43A62822D2E4000007A2 /* Offline in Frameworks */ = {isa = PBXBuildFile; productRef = CE2C43A52822D2E4000007A2 /* Offline */; };
		CE2C43AA2822D494000007A2 /* Media.xcassets in Resources */ = {isa = PBXBuildFile; fileRef = CE2C43A92822D494000007A2 /* Media.xcassets */; };
		CE2C43AC2822D4CB000007A2 /* Launch Screen.storyboard in Resources */ = {isa = PBXBuildFile; fileRef = CE2C43AB2822D4CB000007A2 /* Launch Screen.storyboard */; };
		CE2C43AE2822E071000007A2 /* Map.swift in Sources */ = {isa = PBXBuildFile; fileRef = CE2C43AD2822E071000007A2 /* Map.swift */; };
		CE2C43B22822E1E2000007A2 /* Create.swift in Sources */ = {isa = PBXBuildFile; fileRef = CE2C43B12822E1E2000007A2 /* Create.swift */; };
		CE2C43B42822E4A0000007A2 /* Main.swift in Sources */ = {isa = PBXBuildFile; fileRef = CE2C43B32822E4A0000007A2 /* Main.swift */; };
		CE2C43B62822E4EC000007A2 /* SessionOld.swift in Sources */ = {isa = PBXBuildFile; fileRef = CE2C43B52822E4EC000007A2 /* SessionOld.swift */; };
		CE2C43B82822E9AF000007A2 /* UIApplication.swift in Sources */ = {isa = PBXBuildFile; fileRef = CE2C43B72822E9AF000007A2 /* UIApplication.swift */; };
		CE3A92C7283E6D8D00D52C2A /* Upgrade.swift in Sources */ = {isa = PBXBuildFile; fileRef = CE3A92C6283E6D8D00D52C2A /* Upgrade.swift */; };
		CE3AF0EA2844F3C10016AA02 /* Downloaded.swift in Sources */ = {isa = PBXBuildFile; fileRef = CE3AF0E92844F3C10016AA02 /* Downloaded.swift */; };
		CE3AF0EC2844F4530016AA02 /* Offloaded.swift in Sources */ = {isa = PBXBuildFile; fileRef = CE3AF0EB2844F4530016AA02 /* Offloaded.swift */; };
		CE3AF0EE284525AB0016AA02 /* Share.swift in Sources */ = {isa = PBXBuildFile; fileRef = CE3AF0ED284525AB0016AA02 /* Share.swift */; };
		CE4DB850284398AD00733F02 /* Syncher.swift in Sources */ = {isa = PBXBuildFile; fileRef = CE4DB84F284398AD00733F02 /* Syncher.swift */; };
		CE4DB85228439B0000733F02 /* Syncher.Error.swift in Sources */ = {isa = PBXBuildFile; fileRef = CE4DB85128439B0000733F02 /* Syncher.Error.swift */; };
		CE4FF11E28327F42008DB139 /* Deleted.swift in Sources */ = {isa = PBXBuildFile; fileRef = CE4FF11D28327F42008DB139 /* Deleted.swift */; };
		CE4FF12028327F84008DB139 /* Created.swift in Sources */ = {isa = PBXBuildFile; fileRef = CE4FF11F28327F84008DB139 /* Created.swift */; };
		CE502C9728291267004F16AF /* Pop.swift in Sources */ = {isa = PBXBuildFile; fileRef = CE502C9628291267004F16AF /* Pop.swift */; };
		CE502C99282928DC004F16AF /* Loading.swift in Sources */ = {isa = PBXBuildFile; fileRef = CE502C98282928DC004F16AF /* Loading.swift */; };
		CE5162852846118F007D5D61 /* Shared.swift in Sources */ = {isa = PBXBuildFile; fileRef = CE5162842846118F007D5D61 /* Shared.swift */; };
		CE51628728462DC8007D5D61 /* Scan.swift in Sources */ = {isa = PBXBuildFile; fileRef = CE51628628462DC8007D5D61 /* Scan.swift */; };
		CE7647AC2840DF8F004B7C42 /* Premium.swift in Sources */ = {isa = PBXBuildFile; fileRef = CE7647AB2840DF8F004B7C42 /* Premium.swift */; };
		CE787181282FEAA10050BD93 /* Detail.swift in Sources */ = {isa = PBXBuildFile; fileRef = CE787180282FEAA10050BD93 /* Detail.swift */; };
		CE787183282FF7080050BD93 /* Info.swift in Sources */ = {isa = PBXBuildFile; fileRef = CE787182282FF7080050BD93 /* Info.swift */; };
		CE78C582283CDFB60046FF33 /* Liner.swift in Sources */ = {isa = PBXBuildFile; fileRef = CE78C581283CDFB60046FF33 /* Liner.swift */; };
		CE7E701D2844D136008D5CD5 /* Download.swift in Sources */ = {isa = PBXBuildFile; fileRef = CE7E701C2844D136008D5CD5 /* Download.swift */; };
		CE81D91F2823CEDB00364029 /* Action.swift in Sources */ = {isa = PBXBuildFile; fileRef = CE81D91E2823CEDB00364029 /* Action.swift */; };
		CE81D9212823E0BE00364029 /* Search.swift in Sources */ = {isa = PBXBuildFile; fileRef = CE81D9202823E0BE00364029 /* Search.swift */; };
		CE81D9232823E4B200364029 /* Field.swift in Sources */ = {isa = PBXBuildFile; fileRef = CE81D9222823E4B200364029 /* Field.swift */; };
		CE81D92528242DA900364029 /* Search.Item.swift in Sources */ = {isa = PBXBuildFile; fileRef = CE81D92428242DA900364029 /* Search.Item.swift */; };
		CE979A942827EB1100FC0EB0 /* App.Delegate.swift in Sources */ = {isa = PBXBuildFile; fileRef = CE979A932827EB1100FC0EB0 /* App.Delegate.swift */; };
		CE979A962827EB6E00FC0EB0 /* Global.swift in Sources */ = {isa = PBXBuildFile; fileRef = CE979A952827EB6E00FC0EB0 /* Global.swift */; };
		CE979A982827EB9600FC0EB0 /* UNUserNotificationCenter.swift in Sources */ = {isa = PBXBuildFile; fileRef = CE979A972827EB9600FC0EB0 /* UNUserNotificationCenter.swift */; };
		CE979A9A2827EBAD00FC0EB0 /* Store.swift in Sources */ = {isa = PBXBuildFile; fileRef = CE979A992827EBAD00FC0EB0 /* Store.swift */; };
		CE979A9C2827EBBE00FC0EB0 /* Store.Status.swift in Sources */ = {isa = PBXBuildFile; fileRef = CE979A9B2827EBBE00FC0EB0 /* Store.Status.swift */; };
		CE979A9E2827EBD400FC0EB0 /* Store.Item.swift in Sources */ = {isa = PBXBuildFile; fileRef = CE979A9D2827EBD400FC0EB0 /* Store.Item.swift */; };
		CE979AA22827EF4D00FC0EB0 /* CloudKit.framework in Frameworks */ = {isa = PBXBuildFile; fileRef = CE979AA12827EF4D00FC0EB0 /* CloudKit.framework */; };
		CE979AA42827F0EB00FC0EB0 /* Sheet.swift in Sources */ = {isa = PBXBuildFile; fileRef = CE979AA32827F0EB00FC0EB0 /* Sheet.swift */; };
		CE979AA62827F15400FC0EB0 /* Create.Options.swift in Sources */ = {isa = PBXBuildFile; fileRef = CE979AA52827F15400FC0EB0 /* Create.Options.swift */; };
		CE979AA82827F21000FC0EB0 /* Create.Config.swift in Sources */ = {isa = PBXBuildFile; fileRef = CE979AA72827F21000FC0EB0 /* Create.Config.swift */; };
		CE979AAA2827FA3D00FC0EB0 /* Window.swift in Sources */ = {isa = PBXBuildFile; fileRef = CE979AA92827FA3D00FC0EB0 /* Window.swift */; };
		CE9EDCC628475A4100CC7ACB /* Scan.Picker.swift in Sources */ = {isa = PBXBuildFile; fileRef = CE9EDCC528475A4100CC7ACB /* Scan.Picker.swift */; };
		CE9EF51628424298008169E2 /* Offload.swift in Sources */ = {isa = PBXBuildFile; fileRef = CE9EF51528424298008169E2 /* Offload.swift */; };
		CEAE0094282D418900FB5EFF /* Loading.Progress.swift in Sources */ = {isa = PBXBuildFile; fileRef = CEAE0093282D418900FB5EFF /* Loading.Progress.swift */; };
		CEBDF1ED282E72BC00601056 /* Main.Item.swift in Sources */ = {isa = PBXBuildFile; fileRef = CEBDF1EC282E72BC00601056 /* Main.Item.swift */; };
		CEBDF1EF282E82D100601056 /* Info.Item.swift in Sources */ = {isa = PBXBuildFile; fileRef = CEBDF1EE282E82D100601056 /* Info.Item.swift */; };
		CEC51AB928252F85003DA00D /* Session.swift in Sources */ = {isa = PBXBuildFile; fileRef = CEC51AB828252F85003DA00D /* Session.swift */; };
		CEC51ABB28252FF3003DA00D /* Session.Flow.swift in Sources */ = {isa = PBXBuildFile; fileRef = CEC51ABA28252FF3003DA00D /* Session.Flow.swift */; };
		CEC51ABF28254CD4003DA00D /* Create.Builder.swift in Sources */ = {isa = PBXBuildFile; fileRef = CEC51ABE28254CD4003DA00D /* Create.Builder.swift */; };
		CED82A122848A327003742CC /* Scan.Camera.swift in Sources */ = {isa = PBXBuildFile; fileRef = CED82A112848A327003742CC /* Scan.Camera.swift */; };
		CED82A142848A5B0003742CC /* Scan.Status.swift in Sources */ = {isa = PBXBuildFile; fileRef = CED82A132848A5B0003742CC /* Scan.Status.swift */; };
		CED82A162848A7C8003742CC /* Scan.Error.swift in Sources */ = {isa = PBXBuildFile; fileRef = CED82A152848A7C8003742CC /* Scan.Error.swift */; };
		CED82A182848CDE9003742CC /* Scan.Help.swift in Sources */ = {isa = PBXBuildFile; fileRef = CED82A172848CDE9003742CC /* Scan.Help.swift */; };
		CED82A1A2848D7D9003742CC /* Create.Help.swift in Sources */ = {isa = PBXBuildFile; fileRef = CED82A192848D7D9003742CC /* Create.Help.swift */; };
		CED82A1C284909A3003742CC /* Helper.swift in Sources */ = {isa = PBXBuildFile; fileRef = CED82A1B284909A3003742CC /* Helper.swift */; };
		CEE215812836863B0083FC99 /* Navigate.Config.swift in Sources */ = {isa = PBXBuildFile; fileRef = CEE215802836863B0083FC99 /* Navigate.Config.swift */; };
		CEE2158328368D230083FC99 /* Navigate.Points.swift in Sources */ = {isa = PBXBuildFile; fileRef = CEE2158228368D230083FC99 /* Navigate.Points.swift */; };
		CEEB863F283CFFA800A9FF13 /* User.swift in Sources */ = {isa = PBXBuildFile; fileRef = CEEB863E283CFFA800A9FF13 /* User.swift */; };
		CEFC28D52834E32500E47E23 /* Tiler.swift in Sources */ = {isa = PBXBuildFile; fileRef = CEFC28D42834E32500E47E23 /* Tiler.swift */; };
		CEFC28D72834E4A900E47E23 /* Navigate.swift in Sources */ = {isa = PBXBuildFile; fileRef = CEFC28D62834E4A900E47E23 /* Navigate.swift */; };
		CEFC28D92834F0EA00E47E23 /* Navigate.Control.swift in Sources */ = {isa = PBXBuildFile; fileRef = CEFC28D82834F0EA00E47E23 /* Navigate.Control.swift */; };
		CEFC28DB2834FFAF00E47E23 /* Mapper.swift in Sources */ = {isa = PBXBuildFile; fileRef = CEFC28DA2834FFAF00E47E23 /* Mapper.swift */; };
		CEFC28DD2835247400E47E23 /* Unzip.swift in Sources */ = {isa = PBXBuildFile; fileRef = CEFC28DC2835247400E47E23 /* Unzip.swift */; };
/* End PBXBuildFile section */

/* Begin PBXFileReference section */
		CE2C43952822D2B0000007A2 /* App.app */ = {isa = PBXFileReference; explicitFileType = wrapper.application; includeInIndex = 0; path = App.app; sourceTree = BUILT_PRODUCTS_DIR; };
		CE2C43982822D2B0000007A2 /* App.swift */ = {isa = PBXFileReference; lastKnownFileType = sourcecode.swift; path = App.swift; sourceTree = "<group>"; };
		CE2C439C2822D2B0000007A2 /* Assets.xcassets */ = {isa = PBXFileReference; lastKnownFileType = folder.assetcatalog; path = Assets.xcassets; sourceTree = "<group>"; };
		CE2C43A72822D3EA000007A2 /* Info.plist */ = {isa = PBXFileReference; lastKnownFileType = text.plist; path = Info.plist; sourceTree = "<group>"; };
		CE2C43A92822D494000007A2 /* Media.xcassets */ = {isa = PBXFileReference; lastKnownFileType = folder.assetcatalog; path = Media.xcassets; sourceTree = "<group>"; };
		CE2C43AB2822D4CB000007A2 /* Launch Screen.storyboard */ = {isa = PBXFileReference; lastKnownFileType = file.storyboard; path = "Launch Screen.storyboard"; sourceTree = "<group>"; };
		CE2C43AD2822E071000007A2 /* Map.swift */ = {isa = PBXFileReference; lastKnownFileType = sourcecode.swift; path = Map.swift; sourceTree = "<group>"; };
		CE2C43B12822E1E2000007A2 /* Create.swift */ = {isa = PBXFileReference; lastKnownFileType = sourcecode.swift; path = Create.swift; sourceTree = "<group>"; };
		CE2C43B32822E4A0000007A2 /* Main.swift */ = {isa = PBXFileReference; lastKnownFileType = sourcecode.swift; path = Main.swift; sourceTree = "<group>"; };
		CE2C43B52822E4EC000007A2 /* SessionOld.swift */ = {isa = PBXFileReference; lastKnownFileType = sourcecode.swift; path = SessionOld.swift; sourceTree = "<group>"; };
		CE2C43B72822E9AF000007A2 /* UIApplication.swift */ = {isa = PBXFileReference; lastKnownFileType = sourcecode.swift; path = UIApplication.swift; sourceTree = "<group>"; };
		CE3A92C5283E6C5400D52C2A /* Configuration.storekit */ = {isa = PBXFileReference; lastKnownFileType = text; path = Configuration.storekit; sourceTree = "<group>"; };
		CE3A92C6283E6D8D00D52C2A /* Upgrade.swift */ = {isa = PBXFileReference; lastKnownFileType = sourcecode.swift; path = Upgrade.swift; sourceTree = "<group>"; };
		CE3AF0E92844F3C10016AA02 /* Downloaded.swift */ = {isa = PBXFileReference; lastKnownFileType = sourcecode.swift; path = Downloaded.swift; sourceTree = "<group>"; };
		CE3AF0EB2844F4530016AA02 /* Offloaded.swift */ = {isa = PBXFileReference; lastKnownFileType = sourcecode.swift; path = Offloaded.swift; sourceTree = "<group>"; };
		CE3AF0ED284525AB0016AA02 /* Share.swift */ = {isa = PBXFileReference; lastKnownFileType = sourcecode.swift; path = Share.swift; sourceTree = "<group>"; };
		CE4DB84F284398AD00733F02 /* Syncher.swift */ = {isa = PBXFileReference; lastKnownFileType = sourcecode.swift; path = Syncher.swift; sourceTree = "<group>"; };
		CE4DB85128439B0000733F02 /* Syncher.Error.swift */ = {isa = PBXFileReference; lastKnownFileType = sourcecode.swift; path = Syncher.Error.swift; sourceTree = "<group>"; };
		CE4FF11D28327F42008DB139 /* Deleted.swift */ = {isa = PBXFileReference; lastKnownFileType = sourcecode.swift; path = Deleted.swift; sourceTree = "<group>"; };
		CE4FF11F28327F84008DB139 /* Created.swift */ = {isa = PBXFileReference; lastKnownFileType = sourcecode.swift; path = Created.swift; sourceTree = "<group>"; };
		CE502C9628291267004F16AF /* Pop.swift */ = {isa = PBXFileReference; lastKnownFileType = sourcecode.swift; path = Pop.swift; sourceTree = "<group>"; };
		CE502C98282928DC004F16AF /* Loading.swift */ = {isa = PBXFileReference; lastKnownFileType = sourcecode.swift; path = Loading.swift; sourceTree = "<group>"; };
		CE5162842846118F007D5D61 /* Shared.swift */ = {isa = PBXFileReference; lastKnownFileType = sourcecode.swift; path = Shared.swift; sourceTree = "<group>"; };
		CE51628628462DC8007D5D61 /* Scan.swift */ = {isa = PBXFileReference; lastKnownFileType = sourcecode.swift; path = Scan.swift; sourceTree = "<group>"; };
		CE7647AB2840DF8F004B7C42 /* Premium.swift */ = {isa = PBXFileReference; lastKnownFileType = sourcecode.swift; path = Premium.swift; sourceTree = "<group>"; };
		CE787180282FEAA10050BD93 /* Detail.swift */ = {isa = PBXFileReference; lastKnownFileType = sourcecode.swift; path = Detail.swift; sourceTree = "<group>"; };
		CE787182282FF7080050BD93 /* Info.swift */ = {isa = PBXFileReference; lastKnownFileType = sourcecode.swift; path = Info.swift; sourceTree = "<group>"; };
		CE78C581283CDFB60046FF33 /* Liner.swift */ = {isa = PBXFileReference; lastKnownFileType = sourcecode.swift; path = Liner.swift; sourceTree = "<group>"; };
		CE7E701C2844D136008D5CD5 /* Download.swift */ = {isa = PBXFileReference; lastKnownFileType = sourcecode.swift; path = Download.swift; sourceTree = "<group>"; };
		CE81D91E2823CEDB00364029 /* Action.swift */ = {isa = PBXFileReference; lastKnownFileType = sourcecode.swift; path = Action.swift; sourceTree = "<group>"; };
		CE81D9202823E0BE00364029 /* Search.swift */ = {isa = PBXFileReference; lastKnownFileType = sourcecode.swift; path = Search.swift; sourceTree = "<group>"; };
		CE81D9222823E4B200364029 /* Field.swift */ = {isa = PBXFileReference; lastKnownFileType = sourcecode.swift; path = Field.swift; sourceTree = "<group>"; };
		CE81D92428242DA900364029 /* Search.Item.swift */ = {isa = PBXFileReference; lastKnownFileType = sourcecode.swift; path = Search.Item.swift; sourceTree = "<group>"; };
		CE979A932827EB1100FC0EB0 /* App.Delegate.swift */ = {isa = PBXFileReference; lastKnownFileType = sourcecode.swift; path = App.Delegate.swift; sourceTree = "<group>"; };
		CE979A952827EB6E00FC0EB0 /* Global.swift */ = {isa = PBXFileReference; lastKnownFileType = sourcecode.swift; path = Global.swift; sourceTree = "<group>"; };
		CE979A972827EB9600FC0EB0 /* UNUserNotificationCenter.swift */ = {isa = PBXFileReference; lastKnownFileType = sourcecode.swift; path = UNUserNotificationCenter.swift; sourceTree = "<group>"; };
		CE979A992827EBAD00FC0EB0 /* Store.swift */ = {isa = PBXFileReference; lastKnownFileType = sourcecode.swift; path = Store.swift; sourceTree = "<group>"; };
		CE979A9B2827EBBE00FC0EB0 /* Store.Status.swift */ = {isa = PBXFileReference; lastKnownFileType = sourcecode.swift; path = Store.Status.swift; sourceTree = "<group>"; };
		CE979A9D2827EBD400FC0EB0 /* Store.Item.swift */ = {isa = PBXFileReference; lastKnownFileType = sourcecode.swift; path = Store.Item.swift; sourceTree = "<group>"; };
		CE979A9F2827EF4A00FC0EB0 /* iOS.entitlements */ = {isa = PBXFileReference; lastKnownFileType = text.plist.entitlements; path = iOS.entitlements; sourceTree = "<group>"; };
		CE979AA12827EF4D00FC0EB0 /* CloudKit.framework */ = {isa = PBXFileReference; lastKnownFileType = wrapper.framework; name = CloudKit.framework; path = Platforms/iPhoneOS.platform/Developer/SDKs/iPhoneOS15.4.sdk/System/Library/Frameworks/CloudKit.framework; sourceTree = DEVELOPER_DIR; };
		CE979AA32827F0EB00FC0EB0 /* Sheet.swift */ = {isa = PBXFileReference; lastKnownFileType = sourcecode.swift; path = Sheet.swift; sourceTree = "<group>"; };
		CE979AA52827F15400FC0EB0 /* Create.Options.swift */ = {isa = PBXFileReference; lastKnownFileType = sourcecode.swift; path = Create.Options.swift; sourceTree = "<group>"; };
		CE979AA72827F21000FC0EB0 /* Create.Config.swift */ = {isa = PBXFileReference; lastKnownFileType = sourcecode.swift; path = Create.Config.swift; sourceTree = "<group>"; };
		CE979AA92827FA3D00FC0EB0 /* Window.swift */ = {isa = PBXFileReference; lastKnownFileType = sourcecode.swift; path = Window.swift; sourceTree = "<group>"; };
		CE9EDCC528475A4100CC7ACB /* Scan.Picker.swift */ = {isa = PBXFileReference; lastKnownFileType = sourcecode.swift; path = Scan.Picker.swift; sourceTree = "<group>"; };
		CE9EF51528424298008169E2 /* Offload.swift */ = {isa = PBXFileReference; lastKnownFileType = sourcecode.swift; path = Offload.swift; sourceTree = "<group>"; };
		CEAE0093282D418900FB5EFF /* Loading.Progress.swift */ = {isa = PBXFileReference; lastKnownFileType = sourcecode.swift; path = Loading.Progress.swift; sourceTree = "<group>"; };
		CEBDF1EC282E72BC00601056 /* Main.Item.swift */ = {isa = PBXFileReference; lastKnownFileType = sourcecode.swift; path = Main.Item.swift; sourceTree = "<group>"; };
		CEBDF1EE282E82D100601056 /* Info.Item.swift */ = {isa = PBXFileReference; lastKnownFileType = sourcecode.swift; path = Info.Item.swift; sourceTree = "<group>"; };
		CEC51AB828252F85003DA00D /* Session.swift */ = {isa = PBXFileReference; lastKnownFileType = sourcecode.swift; path = Session.swift; sourceTree = "<group>"; };
		CEC51ABA28252FF3003DA00D /* Session.Flow.swift */ = {isa = PBXFileReference; lastKnownFileType = sourcecode.swift; path = Session.Flow.swift; sourceTree = "<group>"; };
		CEC51ABE28254CD4003DA00D /* Create.Builder.swift */ = {isa = PBXFileReference; lastKnownFileType = sourcecode.swift; path = Create.Builder.swift; sourceTree = "<group>"; };
		CED82A112848A327003742CC /* Scan.Camera.swift */ = {isa = PBXFileReference; lastKnownFileType = sourcecode.swift; path = Scan.Camera.swift; sourceTree = "<group>"; };
		CED82A132848A5B0003742CC /* Scan.Status.swift */ = {isa = PBXFileReference; lastKnownFileType = sourcecode.swift; path = Scan.Status.swift; sourceTree = "<group>"; };
		CED82A152848A7C8003742CC /* Scan.Error.swift */ = {isa = PBXFileReference; lastKnownFileType = sourcecode.swift; path = Scan.Error.swift; sourceTree = "<group>"; };
		CED82A172848CDE9003742CC /* Scan.Help.swift */ = {isa = PBXFileReference; lastKnownFileType = sourcecode.swift; path = Scan.Help.swift; sourceTree = "<group>"; };
		CED82A192848D7D9003742CC /* Create.Help.swift */ = {isa = PBXFileReference; lastKnownFileType = sourcecode.swift; path = Create.Help.swift; sourceTree = "<group>"; };
		CED82A1B284909A3003742CC /* Helper.swift */ = {isa = PBXFileReference; lastKnownFileType = sourcecode.swift; path = Helper.swift; sourceTree = "<group>"; };
		CEE215802836863B0083FC99 /* Navigate.Config.swift */ = {isa = PBXFileReference; lastKnownFileType = sourcecode.swift; path = Navigate.Config.swift; sourceTree = "<group>"; };
		CEE2158228368D230083FC99 /* Navigate.Points.swift */ = {isa = PBXFileReference; lastKnownFileType = sourcecode.swift; path = Navigate.Points.swift; sourceTree = "<group>"; };
		CEEB863E283CFFA800A9FF13 /* User.swift */ = {isa = PBXFileReference; lastKnownFileType = sourcecode.swift; path = User.swift; sourceTree = "<group>"; };
		CEFC28D42834E32500E47E23 /* Tiler.swift */ = {isa = PBXFileReference; lastKnownFileType = sourcecode.swift; path = Tiler.swift; sourceTree = "<group>"; };
		CEFC28D62834E4A900E47E23 /* Navigate.swift */ = {isa = PBXFileReference; lastKnownFileType = sourcecode.swift; path = Navigate.swift; sourceTree = "<group>"; };
		CEFC28D82834F0EA00E47E23 /* Navigate.Control.swift */ = {isa = PBXFileReference; lastKnownFileType = sourcecode.swift; path = Navigate.Control.swift; sourceTree = "<group>"; };
		CEFC28DA2834FFAF00E47E23 /* Mapper.swift */ = {isa = PBXFileReference; lastKnownFileType = sourcecode.swift; path = Mapper.swift; sourceTree = "<group>"; };
		CEFC28DC2835247400E47E23 /* Unzip.swift */ = {isa = PBXFileReference; lastKnownFileType = sourcecode.swift; path = Unzip.swift; sourceTree = "<group>"; };
/* End PBXFileReference section */

/* Begin PBXFrameworksBuildPhase section */
		CE2C43922822D2B0000007A2 /* Frameworks */ = {
			isa = PBXFrameworksBuildPhase;
			buildActionMask = 2147483647;
			files = (
				CE2C43A62822D2E4000007A2 /* Offline in Frameworks */,
				CE979AA22827EF4D00FC0EB0 /* CloudKit.framework in Frameworks */,
			);
			runOnlyForDeploymentPostprocessing = 0;
		};
/* End PBXFrameworksBuildPhase section */

/* Begin PBXGroup section */
		CE2C43962822D2B0000007A2 /* Products */ = {
			isa = PBXGroup;
			children = (
				CE2C43952822D2B0000007A2 /* App.app */,
			);
			name = Products;
			sourceTree = "<group>";
		};
		CE2C43972822D2B0000007A2 /* iOS */ = {
			isa = PBXGroup;
			children = (
				CE979A9F2827EF4A00FC0EB0 /* iOS.entitlements */,
				CE2C43A72822D3EA000007A2 /* Info.plist */,
				CE3A92C5283E6C5400D52C2A /* Configuration.storekit */,
				CE2C43AB2822D4CB000007A2 /* Launch Screen.storyboard */,
				CE81D91E2823CEDB00364029 /* Action.swift */,
				CE979A932827EB1100FC0EB0 /* App.Delegate.swift */,
				CE2C43982822D2B0000007A2 /* App.swift */,
				CEC51ABE28254CD4003DA00D /* Create.Builder.swift */,
				CE979AA72827F21000FC0EB0 /* Create.Config.swift */,
				CED82A192848D7D9003742CC /* Create.Help.swift */,
				CE979AA52827F15400FC0EB0 /* Create.Options.swift */,
				CE2C43B12822E1E2000007A2 /* Create.swift */,
				CE4FF11F28327F84008DB139 /* Created.swift */,
				CE4FF11D28327F42008DB139 /* Deleted.swift */,
				CE787180282FEAA10050BD93 /* Detail.swift */,
				CE7E701C2844D136008D5CD5 /* Download.swift */,
				CE3AF0E92844F3C10016AA02 /* Downloaded.swift */,
				CE81D9222823E4B200364029 /* Field.swift */,
				CED82A1B284909A3003742CC /* Helper.swift */,
				CEBDF1EE282E82D100601056 /* Info.Item.swift */,
				CE787182282FF7080050BD93 /* Info.swift */,
				CE78C581283CDFB60046FF33 /* Liner.swift */,
				CEAE0093282D418900FB5EFF /* Loading.Progress.swift */,
				CE502C98282928DC004F16AF /* Loading.swift */,
				CEBDF1EC282E72BC00601056 /* Main.Item.swift */,
				CE2C43B32822E4A0000007A2 /* Main.swift */,
				CE2C43AD2822E071000007A2 /* Map.swift */,
				CEFC28DA2834FFAF00E47E23 /* Mapper.swift */,
				CEE215802836863B0083FC99 /* Navigate.Config.swift */,
				CEFC28D82834F0EA00E47E23 /* Navigate.Control.swift */,
				CEE2158228368D230083FC99 /* Navigate.Points.swift */,
				CEFC28D62834E4A900E47E23 /* Navigate.swift */,
				CE9EF51528424298008169E2 /* Offload.swift */,
				CE3AF0EB2844F4530016AA02 /* Offloaded.swift */,
				CE502C9628291267004F16AF /* Pop.swift */,
				CE7647AB2840DF8F004B7C42 /* Premium.swift */,
				CED82A112848A327003742CC /* Scan.Camera.swift */,
				CED82A152848A7C8003742CC /* Scan.Error.swift */,
				CED82A172848CDE9003742CC /* Scan.Help.swift */,
				CE9EDCC528475A4100CC7ACB /* Scan.Picker.swift */,
				CED82A132848A5B0003742CC /* Scan.Status.swift */,
				CE51628628462DC8007D5D61 /* Scan.swift */,
				CE81D92428242DA900364029 /* Search.Item.swift */,
				CE81D9202823E0BE00364029 /* Search.swift */,
				CEC51ABA28252FF3003DA00D /* Session.Flow.swift */,
				CEC51AB828252F85003DA00D /* Session.swift */,
				CE2C43B52822E4EC000007A2 /* SessionOld.swift */,
				CE3AF0ED284525AB0016AA02 /* Share.swift */,
				CE5162842846118F007D5D61 /* Shared.swift */,
				CE979AA32827F0EB00FC0EB0 /* Sheet.swift */,
				CE4DB85128439B0000733F02 /* Syncher.Error.swift */,
				CE4DB84F284398AD00733F02 /* Syncher.swift */,
				CEFC28D42834E32500E47E23 /* Tiler.swift */,
				CE2C43B72822E9AF000007A2 /* UIApplication.swift */,
				CEFC28DC2835247400E47E23 /* Unzip.swift */,
				CE3A92C6283E6D8D00D52C2A /* Upgrade.swift */,
				CEEB863E283CFFA800A9FF13 /* User.swift */,
				CE979AA92827FA3D00FC0EB0 /* Window.swift */,
				CE2C439C2822D2B0000007A2 /* Assets.xcassets */,
			);
			path = iOS;
			sourceTree = "<group>";
		};
		CE2C43A82822D483000007A2 /* Shared */ = {
			isa = PBXGroup;
			children = (
				CE979A952827EB6E00FC0EB0 /* Global.swift */,
				CE979A9D2827EBD400FC0EB0 /* Store.Item.swift */,
				CE979A9B2827EBBE00FC0EB0 /* Store.Status.swift */,
				CE979A992827EBAD00FC0EB0 /* Store.swift */,
				CE979A972827EB9600FC0EB0 /* UNUserNotificationCenter.swift */,
				CE2C43A92822D494000007A2 /* Media.xcassets */,
			);
			path = Shared;
			sourceTree = "<group>";
		};
		CE979AA02827EF4D00FC0EB0 /* Frameworks */ = {
			isa = PBXGroup;
			children = (
				CE979AA12827EF4D00FC0EB0 /* CloudKit.framework */,
			);
			name = Frameworks;
			sourceTree = "<group>";
		};
		CEFE119C2822D26F00C1B6BC = {
			isa = PBXGroup;
			children = (
				CE979AA02827EF4D00FC0EB0 /* Frameworks */,
				CE2C43972822D2B0000007A2 /* iOS */,
				CE2C43962822D2B0000007A2 /* Products */,
				CE2C43A82822D483000007A2 /* Shared */,
			);
			sourceTree = "<group>";
		};
/* End PBXGroup section */

/* Begin PBXNativeTarget section */
		CE2C43942822D2B0000007A2 /* iOS */ = {
			isa = PBXNativeTarget;
			buildConfigurationList = CE2C43A32822D2B0000007A2 /* Build configuration list for PBXNativeTarget "iOS" */;
			buildPhases = (
				CE2C43912822D2B0000007A2 /* Sources */,
				CE2C43922822D2B0000007A2 /* Frameworks */,
				CE2C43932822D2B0000007A2 /* Resources */,
			);
			buildRules = (
			);
			dependencies = (
			);
			name = iOS;
			packageProductDependencies = (
				CE2C43A52822D2E4000007A2 /* Offline */,
			);
			productName = iOS;
			productReference = CE2C43952822D2B0000007A2 /* App.app */;
			productType = "com.apple.product-type.application";
		};
/* End PBXNativeTarget section */

/* Begin PBXProject section */
		CEFE119D2822D26F00C1B6BC /* Project object */ = {
			isa = PBXProject;
			attributes = {
				BuildIndependentTargetsInParallel = 1;
				LastSwiftUpdateCheck = 1330;
				LastUpgradeCheck = 1340;
				TargetAttributes = {
					CE2C43942822D2B0000007A2 = {
						CreatedOnToolsVersion = 13.3.1;
					};
				};
			};
			buildConfigurationList = CEFE11A02822D26F00C1B6BC /* Build configuration list for PBXProject "App" */;
			compatibilityVersion = "Xcode 13.0";
			developmentRegion = en;
			hasScannedForEncodings = 0;
			knownRegions = (
				en,
				Base,
			);
			mainGroup = CEFE119C2822D26F00C1B6BC;
			packageReferences = (
				CE2C43A42822D2E4000007A2 /* XCRemoteSwiftPackageReference "offline" */,
			);
			productRefGroup = CE2C43962822D2B0000007A2 /* Products */;
			projectDirPath = "";
			projectRoot = "";
			targets = (
				CE2C43942822D2B0000007A2 /* iOS */,
			);
		};
/* End PBXProject section */

/* Begin PBXResourcesBuildPhase section */
		CE2C43932822D2B0000007A2 /* Resources */ = {
			isa = PBXResourcesBuildPhase;
			buildActionMask = 2147483647;
			files = (
				CE2C43AC2822D4CB000007A2 /* Launch Screen.storyboard in Resources */,
				CE2C43AA2822D494000007A2 /* Media.xcassets in Resources */,
				CE2C439D2822D2B0000007A2 /* Assets.xcassets in Resources */,
			);
			runOnlyForDeploymentPostprocessing = 0;
		};
/* End PBXResourcesBuildPhase section */

/* Begin PBXSourcesBuildPhase section */
		CE2C43912822D2B0000007A2 /* Sources */ = {
			isa = PBXSourcesBuildPhase;
			buildActionMask = 2147483647;
			files = (
				CED82A122848A327003742CC /* Scan.Camera.swift in Sources */,
				CE78C582283CDFB60046FF33 /* Liner.swift in Sources */,
				CE2C43B82822E9AF000007A2 /* UIApplication.swift in Sources */,
				CE979A9E2827EBD400FC0EB0 /* Store.Item.swift in Sources */,
				CE502C99282928DC004F16AF /* Loading.swift in Sources */,
				CE2C43B62822E4EC000007A2 /* SessionOld.swift in Sources */,
				CE3AF0EE284525AB0016AA02 /* Share.swift in Sources */,
				CE979A982827EB9600FC0EB0 /* UNUserNotificationCenter.swift in Sources */,
				CED82A162848A7C8003742CC /* Scan.Error.swift in Sources */,
				CE7647AC2840DF8F004B7C42 /* Premium.swift in Sources */,
				CE502C9728291267004F16AF /* Pop.swift in Sources */,
				CE3AF0EC2844F4530016AA02 /* Offloaded.swift in Sources */,
				CE979A9A2827EBAD00FC0EB0 /* Store.swift in Sources */,
				CE81D91F2823CEDB00364029 /* Action.swift in Sources */,
				CE979AA42827F0EB00FC0EB0 /* Sheet.swift in Sources */,
				CE2C43B22822E1E2000007A2 /* Create.swift in Sources */,
				CE2C43AE2822E071000007A2 /* Map.swift in Sources */,
				CE4FF11E28327F42008DB139 /* Deleted.swift in Sources */,
				CE979A942827EB1100FC0EB0 /* App.Delegate.swift in Sources */,
				CED82A142848A5B0003742CC /* Scan.Status.swift in Sources */,
				CEAE0094282D418900FB5EFF /* Loading.Progress.swift in Sources */,
				CE81D9232823E4B200364029 /* Field.swift in Sources */,
				CED82A182848CDE9003742CC /* Scan.Help.swift in Sources */,
				CEFC28DD2835247400E47E23 /* Unzip.swift in Sources */,
				CEE2158328368D230083FC99 /* Navigate.Points.swift in Sources */,
				CE5162852846118F007D5D61 /* Shared.swift in Sources */,
				CEEB863F283CFFA800A9FF13 /* User.swift in Sources */,
				CE979A9C2827EBBE00FC0EB0 /* Store.Status.swift in Sources */,
				CE4DB850284398AD00733F02 /* Syncher.swift in Sources */,
				CED82A1A2848D7D9003742CC /* Create.Help.swift in Sources */,
				CE979A962827EB6E00FC0EB0 /* Global.swift in Sources */,
				CEFC28DB2834FFAF00E47E23 /* Mapper.swift in Sources */,
				CEBDF1EF282E82D100601056 /* Info.Item.swift in Sources */,
				CE9EF51628424298008169E2 /* Offload.swift in Sources */,
				CE81D9212823E0BE00364029 /* Search.swift in Sources */,
				CEC51ABF28254CD4003DA00D /* Create.Builder.swift in Sources */,
				CE787183282FF7080050BD93 /* Info.swift in Sources */,
				CEC51ABB28252FF3003DA00D /* Session.Flow.swift in Sources */,
				CEC51AB928252F85003DA00D /* Session.swift in Sources */,
				CEFC28D72834E4A900E47E23 /* Navigate.swift in Sources */,
				CE7E701D2844D136008D5CD5 /* Download.swift in Sources */,
				CEE215812836863B0083FC99 /* Navigate.Config.swift in Sources */,
				CE81D92528242DA900364029 /* Search.Item.swift in Sources */,
				CE979AA62827F15400FC0EB0 /* Create.Options.swift in Sources */,
				CE3A92C7283E6D8D00D52C2A /* Upgrade.swift in Sources */,
				CE4DB85228439B0000733F02 /* Syncher.Error.swift in Sources */,
				CE787181282FEAA10050BD93 /* Detail.swift in Sources */,
				CE51628728462DC8007D5D61 /* Scan.swift in Sources */,
				CE2C43B42822E4A0000007A2 /* Main.swift in Sources */,
				CEBDF1ED282E72BC00601056 /* Main.Item.swift in Sources */,
				CEFC28D52834E32500E47E23 /* Tiler.swift in Sources */,
				CE979AA82827F21000FC0EB0 /* Create.Config.swift in Sources */,
				CEFC28D92834F0EA00E47E23 /* Navigate.Control.swift in Sources */,
				CE3AF0EA2844F3C10016AA02 /* Downloaded.swift in Sources */,
				CE4FF12028327F84008DB139 /* Created.swift in Sources */,
				CED82A1C284909A3003742CC /* Helper.swift in Sources */,
				CE2C43992822D2B0000007A2 /* App.swift in Sources */,
				CE979AAA2827FA3D00FC0EB0 /* Window.swift in Sources */,
				CE9EDCC628475A4100CC7ACB /* Scan.Picker.swift in Sources */,
			);
			runOnlyForDeploymentPostprocessing = 0;
		};
/* End PBXSourcesBuildPhase section */

/* Begin XCBuildConfiguration section */
		CE2C43A12822D2B0000007A2 /* Debug */ = {
			isa = XCBuildConfiguration;
			buildSettings = {
				ALWAYS_SEARCH_USER_PATHS = NO;
				ASSETCATALOG_COMPILER_APPICON_NAME = AppIcon;
				ASSETCATALOG_COMPILER_GLOBAL_ACCENT_COLOR_NAME = AccentColor;
				ASSETCATALOG_COMPILER_INCLUDE_ALL_APPICON_ASSETS = YES;
				CLANG_ANALYZER_NONNULL = YES;
				CLANG_ANALYZER_NUMBER_OBJECT_CONVERSION = YES_AGGRESSIVE;
				CLANG_CXX_LANGUAGE_STANDARD = "gnu++17";
				CLANG_ENABLE_OBJC_ARC = YES;
				CLANG_ENABLE_OBJC_WEAK = YES;
				CLANG_WARN_BLOCK_CAPTURE_AUTORELEASING = YES;
				CLANG_WARN_BOOL_CONVERSION = YES;
				CLANG_WARN_COMMA = YES;
				CLANG_WARN_CONSTANT_CONVERSION = YES;
				CLANG_WARN_DEPRECATED_OBJC_IMPLEMENTATIONS = YES;
				CLANG_WARN_DIRECT_OBJC_ISA_USAGE = YES_ERROR;
				CLANG_WARN_DOCUMENTATION_COMMENTS = YES;
				CLANG_WARN_EMPTY_BODY = YES;
				CLANG_WARN_ENUM_CONVERSION = YES;
				CLANG_WARN_INFINITE_RECURSION = YES;
				CLANG_WARN_INT_CONVERSION = YES;
				CLANG_WARN_NON_LITERAL_NULL_CONVERSION = YES;
				CLANG_WARN_OBJC_IMPLICIT_RETAIN_SELF = YES;
				CLANG_WARN_OBJC_LITERAL_CONVERSION = YES;
				CLANG_WARN_OBJC_ROOT_CLASS = YES_ERROR;
				CLANG_WARN_QUOTED_INCLUDE_IN_FRAMEWORK_HEADER = YES;
				CLANG_WARN_RANGE_LOOP_ANALYSIS = YES;
				CLANG_WARN_STRICT_PROTOTYPES = YES;
				CLANG_WARN_SUSPICIOUS_MOVE = YES;
				CLANG_WARN_UNGUARDED_AVAILABILITY = YES_AGGRESSIVE;
				CLANG_WARN_UNREACHABLE_CODE = YES;
				CLANG_WARN__DUPLICATE_METHOD_MATCH = YES;
				CODE_SIGN_ENTITLEMENTS = iOS/iOS.entitlements;
				CODE_SIGN_STYLE = Automatic;
				COPY_PHASE_STRIP = NO;
				DEVELOPMENT_TEAM = 7AMWG3RLHN;
				ENABLE_STRICT_OBJC_MSGSEND = YES;
				ENABLE_TESTABILITY = YES;
				GCC_C_LANGUAGE_STANDARD = gnu11;
				GCC_DYNAMIC_NO_PIC = NO;
				GCC_NO_COMMON_BLOCKS = YES;
				GCC_PREPROCESSOR_DEFINITIONS = (
					"DEBUG=1",
					"$(inherited)",
				);
				GCC_WARN_64_TO_32_BIT_CONVERSION = YES;
				GCC_WARN_ABOUT_RETURN_TYPE = YES_ERROR;
				GCC_WARN_UNDECLARED_SELECTOR = YES;
				GCC_WARN_UNINITIALIZED_AUTOS = YES_AGGRESSIVE;
				GCC_WARN_UNUSED_FUNCTION = YES;
				GCC_WARN_UNUSED_VARIABLE = YES;
				GENERATE_INFOPLIST_FILE = YES;
				INFOPLIST_FILE = iOS/Info.plist;
				INFOPLIST_KEY_CFBundleDisplayName = Offline;
				INFOPLIST_KEY_NSCameraUsageDescription = "Scan QR Codes";
				INFOPLIST_KEY_NSLocationAlwaysAndWhenInUseUsageDescription = "Activate your location to get navigation";
				INFOPLIST_KEY_NSLocationWhenInUseUsageDescription = "Activate your location to get navigation";
				INFOPLIST_KEY_NSPhotoLibraryUsageDescription = "Save and load maps from QR Codes";
				INFOPLIST_KEY_UIApplicationSupportsIndirectInputEvents = YES;
				INFOPLIST_KEY_UILaunchStoryboardName = "Launch Screen";
				INFOPLIST_KEY_UIRequiresFullScreen = YES;
				INFOPLIST_KEY_UISupportedInterfaceOrientations = UIInterfaceOrientationPortrait;
				INFOPLIST_KEY_UISupportedInterfaceOrientations_iPad = "UIInterfaceOrientationPortrait UIInterfaceOrientationPortraitUpsideDown UIInterfaceOrientationLandscapeLeft UIInterfaceOrientationLandscapeRight";
				INFOPLIST_KEY_UISupportedInterfaceOrientations_iPhone = UIInterfaceOrientationPortrait;
				LD_RUNPATH_SEARCH_PATHS = (
					"$(inherited)",
					"@executable_path/Frameworks",
				);
				MTL_ENABLE_DEBUG_INFO = INCLUDE_SOURCE;
				MTL_FAST_MATH = YES;
				ONLY_ACTIVE_ARCH = YES;
				PRODUCT_BUNDLE_IDENTIFIER = app.offline;
				SDKROOT = iphoneos;
				SWIFT_ACTIVE_COMPILATION_CONDITIONS = DEBUG;
				SWIFT_EMIT_LOC_STRINGS = YES;
				TARGETED_DEVICE_FAMILY = "1,2";
			};
			name = Debug;
		};
		CE2C43A22822D2B0000007A2 /* Release */ = {
			isa = XCBuildConfiguration;
			buildSettings = {
				ALWAYS_SEARCH_USER_PATHS = NO;
				ASSETCATALOG_COMPILER_APPICON_NAME = AppIcon;
				ASSETCATALOG_COMPILER_GLOBAL_ACCENT_COLOR_NAME = AccentColor;
				ASSETCATALOG_COMPILER_INCLUDE_ALL_APPICON_ASSETS = YES;
				CLANG_ANALYZER_NONNULL = YES;
				CLANG_ANALYZER_NUMBER_OBJECT_CONVERSION = YES_AGGRESSIVE;
				CLANG_CXX_LANGUAGE_STANDARD = "gnu++17";
				CLANG_ENABLE_OBJC_ARC = YES;
				CLANG_ENABLE_OBJC_WEAK = YES;
				CLANG_WARN_BLOCK_CAPTURE_AUTORELEASING = YES;
				CLANG_WARN_BOOL_CONVERSION = YES;
				CLANG_WARN_COMMA = YES;
				CLANG_WARN_CONSTANT_CONVERSION = YES;
				CLANG_WARN_DEPRECATED_OBJC_IMPLEMENTATIONS = YES;
				CLANG_WARN_DIRECT_OBJC_ISA_USAGE = YES_ERROR;
				CLANG_WARN_DOCUMENTATION_COMMENTS = YES;
				CLANG_WARN_EMPTY_BODY = YES;
				CLANG_WARN_ENUM_CONVERSION = YES;
				CLANG_WARN_INFINITE_RECURSION = YES;
				CLANG_WARN_INT_CONVERSION = YES;
				CLANG_WARN_NON_LITERAL_NULL_CONVERSION = YES;
				CLANG_WARN_OBJC_IMPLICIT_RETAIN_SELF = YES;
				CLANG_WARN_OBJC_LITERAL_CONVERSION = YES;
				CLANG_WARN_OBJC_ROOT_CLASS = YES_ERROR;
				CLANG_WARN_QUOTED_INCLUDE_IN_FRAMEWORK_HEADER = YES;
				CLANG_WARN_RANGE_LOOP_ANALYSIS = YES;
				CLANG_WARN_STRICT_PROTOTYPES = YES;
				CLANG_WARN_SUSPICIOUS_MOVE = YES;
				CLANG_WARN_UNGUARDED_AVAILABILITY = YES_AGGRESSIVE;
				CLANG_WARN_UNREACHABLE_CODE = YES;
				CLANG_WARN__DUPLICATE_METHOD_MATCH = YES;
				CODE_SIGN_ENTITLEMENTS = iOS/iOS.entitlements;
				CODE_SIGN_STYLE = Automatic;
				COPY_PHASE_STRIP = NO;
				DEVELOPMENT_TEAM = 7AMWG3RLHN;
				ENABLE_NS_ASSERTIONS = NO;
				ENABLE_STRICT_OBJC_MSGSEND = YES;
				GCC_C_LANGUAGE_STANDARD = gnu11;
				GCC_NO_COMMON_BLOCKS = YES;
				GCC_WARN_64_TO_32_BIT_CONVERSION = YES;
				GCC_WARN_ABOUT_RETURN_TYPE = YES_ERROR;
				GCC_WARN_UNDECLARED_SELECTOR = YES;
				GCC_WARN_UNINITIALIZED_AUTOS = YES_AGGRESSIVE;
				GCC_WARN_UNUSED_FUNCTION = YES;
				GCC_WARN_UNUSED_VARIABLE = YES;
				GENERATE_INFOPLIST_FILE = YES;
				INFOPLIST_FILE = iOS/Info.plist;
				INFOPLIST_KEY_CFBundleDisplayName = Offline;
				INFOPLIST_KEY_NSCameraUsageDescription = "Scan QR Codes";
				INFOPLIST_KEY_NSLocationAlwaysAndWhenInUseUsageDescription = "Activate your location to get navigation";
				INFOPLIST_KEY_NSLocationWhenInUseUsageDescription = "Activate your location to get navigation";
				INFOPLIST_KEY_NSPhotoLibraryUsageDescription = "Save and load maps from QR Codes";
				INFOPLIST_KEY_UIApplicationSupportsIndirectInputEvents = YES;
				INFOPLIST_KEY_UILaunchStoryboardName = "Launch Screen";
				INFOPLIST_KEY_UIRequiresFullScreen = YES;
				INFOPLIST_KEY_UISupportedInterfaceOrientations = UIInterfaceOrientationPortrait;
				INFOPLIST_KEY_UISupportedInterfaceOrientations_iPad = "UIInterfaceOrientationPortrait UIInterfaceOrientationPortraitUpsideDown UIInterfaceOrientationLandscapeLeft UIInterfaceOrientationLandscapeRight";
				INFOPLIST_KEY_UISupportedInterfaceOrientations_iPhone = UIInterfaceOrientationPortrait;
				LD_RUNPATH_SEARCH_PATHS = (
					"$(inherited)",
					"@executable_path/Frameworks",
				);
				MTL_ENABLE_DEBUG_INFO = NO;
				MTL_FAST_MATH = YES;
				PRODUCT_BUNDLE_IDENTIFIER = app.offline;
				SDKROOT = iphoneos;
				SWIFT_EMIT_LOC_STRINGS = YES;
				TARGETED_DEVICE_FAMILY = "1,2";
				VALIDATE_PRODUCT = YES;
			};
			name = Release;
		};
		CEFE11A12822D26F00C1B6BC /* Debug */ = {
			isa = XCBuildConfiguration;
			buildSettings = {
				CLANG_ENABLE_MODULES = YES;
				CLANG_WARN_BLOCK_CAPTURE_AUTORELEASING = YES;
				CLANG_WARN_BOOL_CONVERSION = YES;
				CLANG_WARN_COMMA = YES;
				CLANG_WARN_CONSTANT_CONVERSION = YES;
				CLANG_WARN_DEPRECATED_OBJC_IMPLEMENTATIONS = YES;
				CLANG_WARN_EMPTY_BODY = YES;
				CLANG_WARN_ENUM_CONVERSION = YES;
				CLANG_WARN_INFINITE_RECURSION = YES;
				CLANG_WARN_INT_CONVERSION = YES;
				CLANG_WARN_NON_LITERAL_NULL_CONVERSION = YES;
				CLANG_WARN_OBJC_IMPLICIT_RETAIN_SELF = YES;
				CLANG_WARN_OBJC_LITERAL_CONVERSION = YES;
				CLANG_WARN_QUOTED_INCLUDE_IN_FRAMEWORK_HEADER = YES;
				CLANG_WARN_RANGE_LOOP_ANALYSIS = YES;
				CLANG_WARN_STRICT_PROTOTYPES = YES;
				CLANG_WARN_SUSPICIOUS_MOVE = YES;
				CLANG_WARN_UNREACHABLE_CODE = YES;
				CLANG_WARN__DUPLICATE_METHOD_MATCH = YES;
				CURRENT_PROJECT_VERSION = "$(MARKETING_VERSION)";
				DEBUG_INFORMATION_FORMAT = dwarf;
				ENABLE_BITCODE = NO;
				ENABLE_STRICT_OBJC_MSGSEND = YES;
				ENABLE_TESTABILITY = YES;
				GCC_NO_COMMON_BLOCKS = YES;
				GCC_OPTIMIZATION_LEVEL = 0;
				GCC_WARN_64_TO_32_BIT_CONVERSION = YES;
				GCC_WARN_ABOUT_RETURN_TYPE = YES;
				GCC_WARN_UNDECLARED_SELECTOR = YES;
				GCC_WARN_UNINITIALIZED_AUTOS = YES;
				GCC_WARN_UNUSED_FUNCTION = YES;
				GCC_WARN_UNUSED_VARIABLE = YES;
				IPHONEOS_DEPLOYMENT_TARGET = 15.0;
				MACOSX_DEPLOYMENT_TARGET = 12.0;
				MARKETING_VERSION = 1;
				ONLY_ACTIVE_ARCH = YES;
				PRODUCT_NAME = App;
				SWIFT_INSTALL_OBJC_HEADER = NO;
				SWIFT_OPTIMIZATION_LEVEL = "-Onone";
				SWIFT_OPTIMIZE_OBJECT_LIFETIME = YES;
				SWIFT_VERSION = 5.0;
				TVOS_DEPLOYMENT_TARGET = 15.0;
				WATCHOS_DEPLOYMENT_TARGET = 8.0;
			};
			name = Debug;
		};
		CEFE11A22822D26F00C1B6BC /* Release */ = {
			isa = XCBuildConfiguration;
			buildSettings = {
				ASSETCATALOG_COMPILER_OPTIMIZATION = time;
				CLANG_ENABLE_MODULES = YES;
				CLANG_WARN_BLOCK_CAPTURE_AUTORELEASING = YES;
				CLANG_WARN_BOOL_CONVERSION = YES;
				CLANG_WARN_COMMA = YES;
				CLANG_WARN_CONSTANT_CONVERSION = YES;
				CLANG_WARN_DEPRECATED_OBJC_IMPLEMENTATIONS = YES;
				CLANG_WARN_EMPTY_BODY = YES;
				CLANG_WARN_ENUM_CONVERSION = YES;
				CLANG_WARN_INFINITE_RECURSION = YES;
				CLANG_WARN_INT_CONVERSION = YES;
				CLANG_WARN_NON_LITERAL_NULL_CONVERSION = YES;
				CLANG_WARN_OBJC_IMPLICIT_RETAIN_SELF = YES;
				CLANG_WARN_OBJC_LITERAL_CONVERSION = YES;
				CLANG_WARN_QUOTED_INCLUDE_IN_FRAMEWORK_HEADER = YES;
				CLANG_WARN_RANGE_LOOP_ANALYSIS = YES;
				CLANG_WARN_STRICT_PROTOTYPES = YES;
				CLANG_WARN_SUSPICIOUS_MOVE = YES;
				CLANG_WARN_UNREACHABLE_CODE = YES;
				CLANG_WARN__DUPLICATE_METHOD_MATCH = YES;
				CURRENT_PROJECT_VERSION = "$(MARKETING_VERSION)";
				DEBUG_INFORMATION_FORMAT = "dwarf-with-dsym";
				ENABLE_BITCODE = YES;
				ENABLE_STRICT_OBJC_MSGSEND = YES;
				GCC_NO_COMMON_BLOCKS = YES;
				GCC_OPTIMIZATION_LEVEL = fast;
				GCC_WARN_64_TO_32_BIT_CONVERSION = YES;
				GCC_WARN_ABOUT_RETURN_TYPE = YES;
				GCC_WARN_UNDECLARED_SELECTOR = YES;
				GCC_WARN_UNINITIALIZED_AUTOS = YES;
				GCC_WARN_UNUSED_FUNCTION = YES;
				GCC_WARN_UNUSED_VARIABLE = YES;
				IPHONEOS_DEPLOYMENT_TARGET = 15.0;
				MACOSX_DEPLOYMENT_TARGET = 12.0;
				MARKETING_VERSION = 1;
				PRODUCT_NAME = App;
				SWIFT_COMPILATION_MODE = wholemodule;
				SWIFT_INSTALL_OBJC_HEADER = NO;
				SWIFT_OPTIMIZE_OBJECT_LIFETIME = YES;
				SWIFT_VERSION = 5.0;
				TVOS_DEPLOYMENT_TARGET = 15.0;
				WATCHOS_DEPLOYMENT_TARGET = 8.0;
			};
			name = Release;
		};
/* End XCBuildConfiguration section */

/* Begin XCConfigurationList section */
		CE2C43A32822D2B0000007A2 /* Build configuration list for PBXNativeTarget "iOS" */ = {
			isa = XCConfigurationList;
			buildConfigurations = (
				CE2C43A12822D2B0000007A2 /* Debug */,
				CE2C43A22822D2B0000007A2 /* Release */,
			);
			defaultConfigurationIsVisible = 0;
			defaultConfigurationName = Release;
		};
		CEFE11A02822D26F00C1B6BC /* Build configuration list for PBXProject "App" */ = {
			isa = XCConfigurationList;
			buildConfigurations = (
				CEFE11A12822D26F00C1B6BC /* Debug */,
				CEFE11A22822D26F00C1B6BC /* Release */,
			);
			defaultConfigurationIsVisible = 0;
			defaultConfigurationName = Release;
		};
/* End XCConfigurationList section */

/* Begin XCRemoteSwiftPackageReference section */
		CE2C43A42822D2E4000007A2 /* XCRemoteSwiftPackageReference "offline" */ = {
			isa = XCRemoteSwiftPackageReference;
			repositoryURL = "https://github.com/appoff/offline.git";
			requirement = {
				branch = main;
				kind = branch;
			};
		};
/* End XCRemoteSwiftPackageReference section */

/* Begin XCSwiftPackageProductDependency section */
		CE2C43A52822D2E4000007A2 /* Offline */ = {
			isa = XCSwiftPackageProductDependency;
			package = CE2C43A42822D2E4000007A2 /* XCRemoteSwiftPackageReference "offline" */;
			productName = Offline;
		};
/* End XCSwiftPackageProductDependency section */
	};
	rootObject = CEFE119D2822D26F00C1B6BC /* Project object */;
}
