// !$*UTF8*$!
{
	archiveVersion = 1;
	classes = {
	};
	objectVersion = 55;
	objects = {

/* Begin PBXBuildFile section */
		CE002CBE289C1F7B0010F6F9 /* Offline in Frameworks */ = {isa = PBXBuildFile; productRef = CE002CBD289C1F7B0010F6F9 /* Offline */; };
		CE002CBF289C1F8E0010F6F9 /* UNUserNotificationCenter.swift in Sources */ = {isa = PBXBuildFile; fileRef = CE979A972827EB9600FC0EB0 /* UNUserNotificationCenter.swift */; };
		CE002CC0289C1F950010F6F9 /* Store.swift in Sources */ = {isa = PBXBuildFile; fileRef = CE979A992827EBAD00FC0EB0 /* Store.swift */; };
		CE002CC1289C1F980010F6F9 /* Store.Status.swift in Sources */ = {isa = PBXBuildFile; fileRef = CE979A9B2827EBBE00FC0EB0 /* Store.Status.swift */; };
		CE002CC2289C1F9B0010F6F9 /* Store.Item.swift in Sources */ = {isa = PBXBuildFile; fileRef = CE979A9D2827EBD400FC0EB0 /* Store.Item.swift */; };
		CE002CC3289C1FA40010F6F9 /* Copy.swift in Sources */ = {isa = PBXBuildFile; fileRef = CED82A1F28490FFA003742CC /* Copy.swift */; };
		CE00C3A628A1226C00D5129B /* Sidebar.Item.swift in Sources */ = {isa = PBXBuildFile; fileRef = CE00C3A528A1226C00D5129B /* Sidebar.Item.swift */; };
		CE00C3A828A1289100D5129B /* MapKit.framework in Frameworks */ = {isa = PBXBuildFile; fileRef = CE00C3A728A1289100D5129B /* MapKit.framework */; };
		CE00C3AA28A1289900D5129B /* MapKit.framework in Frameworks */ = {isa = PBXBuildFile; fileRef = CE00C3A928A1289900D5129B /* MapKit.framework */; };
		CE00C3AC28A1292E00D5129B /* Session.Flow.swift in Sources */ = {isa = PBXBuildFile; fileRef = CE00C3AB28A1292E00D5129B /* Session.Flow.swift */; };
		CE00C3AE28A143A300D5129B /* Create.swift in Sources */ = {isa = PBXBuildFile; fileRef = CE00C3AD28A143A300D5129B /* Create.swift */; };
		CE00C3B028A1466A00D5129B /* Main.swift in Sources */ = {isa = PBXBuildFile; fileRef = CE00C3AF28A1466A00D5129B /* Main.swift */; };
		CE00C3B228A14E6C00D5129B /* Create.Builder.swift in Sources */ = {isa = PBXBuildFile; fileRef = CE00C3B128A14E6C00D5129B /* Create.Builder.swift */; };
		CE00C3B428A150FB00D5129B /* Map.swift in Sources */ = {isa = PBXBuildFile; fileRef = CE00C3B328A150FB00D5129B /* Map.swift */; };
		CE00C3B628A15D3D00D5129B /* User.swift in Sources */ = {isa = PBXBuildFile; fileRef = CE00C3B528A15D3D00D5129B /* User.swift */; };
		CE146BAA284B6E73002B031D /* Assets.xcassets in Resources */ = {isa = PBXBuildFile; fileRef = CE146BA9284B6E73002B031D /* Assets.xcassets */; };
		CE146BB0284B6E73002B031D /* App.appex in Embed App Extensions */ = {isa = PBXBuildFile; fileRef = CE146BAF284B6E73002B031D /* App.appex */; settings = {ATTRIBUTES = (RemoveHeadersOnCopy, ); }; };
		CE146BB7284B6E73002B031D /* App.swift in Sources */ = {isa = PBXBuildFile; fileRef = CE146BB6284B6E73002B031D /* App.swift */; };
		CE146BC2284B6E73002B031D /* App.app in Embed Watch Content */ = {isa = PBXBuildFile; fileRef = CE146BA7284B6E72002B031D /* App.app */; settings = {ATTRIBUTES = (RemoveHeadersOnCopy, ); }; };
		CE1EF9C1284E0AAA00E43F2B /* Navigate.swift in Sources */ = {isa = PBXBuildFile; fileRef = CE1EF9C0284E0AAA00E43F2B /* Navigate.swift */; };
		CE1EF9C3284E0C3A00E43F2B /* Navigate.Draw.swift in Sources */ = {isa = PBXBuildFile; fileRef = CE1EF9C2284E0C3A00E43F2B /* Navigate.Draw.swift */; };
		CE1EF9C5284E0E1D00E43F2B /* Session.swift in Sources */ = {isa = PBXBuildFile; fileRef = CE1EF9C4284E0E1D00E43F2B /* Session.swift */; };
		CE20260028A3F3EA006296A9 /* Create.Settings.swift in Sources */ = {isa = PBXBuildFile; fileRef = CE2025FF28A3F3EA006296A9 /* Create.Settings.swift */; };
		CE2C43992822D2B0000007A2 /* App.swift in Sources */ = {isa = PBXBuildFile; fileRef = CE2C43982822D2B0000007A2 /* App.swift */; };
		CE2C439D2822D2B0000007A2 /* Assets.xcassets in Resources */ = {isa = PBXBuildFile; fileRef = CE2C439C2822D2B0000007A2 /* Assets.xcassets */; };
		CE2C43A62822D2E4000007A2 /* Offline in Frameworks */ = {isa = PBXBuildFile; productRef = CE2C43A52822D2E4000007A2 /* Offline */; };
		CE2C43AA2822D494000007A2 /* Media.xcassets in Resources */ = {isa = PBXBuildFile; fileRef = CE2C43A92822D494000007A2 /* Media.xcassets */; };
		CE2C43AC2822D4CB000007A2 /* Launch Screen.storyboard in Resources */ = {isa = PBXBuildFile; fileRef = CE2C43AB2822D4CB000007A2 /* Launch Screen.storyboard */; };
		CE2C43AE2822E071000007A2 /* Map.swift in Sources */ = {isa = PBXBuildFile; fileRef = CE2C43AD2822E071000007A2 /* Map.swift */; };
		CE2C43B22822E1E2000007A2 /* Create.swift in Sources */ = {isa = PBXBuildFile; fileRef = CE2C43B12822E1E2000007A2 /* Create.swift */; };
		CE2C43B42822E4A0000007A2 /* Main.swift in Sources */ = {isa = PBXBuildFile; fileRef = CE2C43B32822E4A0000007A2 /* Main.swift */; };
		CE2C43B82822E9AF000007A2 /* UIApplication.swift in Sources */ = {isa = PBXBuildFile; fileRef = CE2C43B72822E9AF000007A2 /* UIApplication.swift */; };
		CE3A92C7283E6D8D00D52C2A /* Upgrade.swift in Sources */ = {isa = PBXBuildFile; fileRef = CE3A92C6283E6D8D00D52C2A /* Upgrade.swift */; };
		CE3AF0EA2844F3C10016AA02 /* Downloaded.swift in Sources */ = {isa = PBXBuildFile; fileRef = CE3AF0E92844F3C10016AA02 /* Downloaded.swift */; };
		CE3AF0EC2844F4530016AA02 /* Offloaded.swift in Sources */ = {isa = PBXBuildFile; fileRef = CE3AF0EB2844F4530016AA02 /* Offloaded.swift */; };
		CE3AF0EE284525AB0016AA02 /* Share.swift in Sources */ = {isa = PBXBuildFile; fileRef = CE3AF0ED284525AB0016AA02 /* Share.swift */; };
		CE4FF11E28327F42008DB139 /* Deleted.swift in Sources */ = {isa = PBXBuildFile; fileRef = CE4FF11D28327F42008DB139 /* Deleted.swift */; };
		CE4FF12028327F84008DB139 /* Created.swift in Sources */ = {isa = PBXBuildFile; fileRef = CE4FF11F28327F84008DB139 /* Created.swift */; };
		CE502C9728291267004F16AF /* Pop.swift in Sources */ = {isa = PBXBuildFile; fileRef = CE502C9628291267004F16AF /* Pop.swift */; };
		CE502C99282928DC004F16AF /* Loading.swift in Sources */ = {isa = PBXBuildFile; fileRef = CE502C98282928DC004F16AF /* Loading.swift */; };
		CE50539C284A18C2001ACCCB /* About.swift in Sources */ = {isa = PBXBuildFile; fileRef = CE50539B284A18C2001ACCCB /* About.swift */; };
		CE50539E284A1D1C001ACCCB /* Purchases.swift in Sources */ = {isa = PBXBuildFile; fileRef = CE50539D284A1D1C001ACCCB /* Purchases.swift */; };
		CE5162852846118F007D5D61 /* Shared.swift in Sources */ = {isa = PBXBuildFile; fileRef = CE5162842846118F007D5D61 /* Shared.swift */; };
		CE51628728462DC8007D5D61 /* Scan.swift in Sources */ = {isa = PBXBuildFile; fileRef = CE51628628462DC8007D5D61 /* Scan.swift */; };
		CE7647AC2840DF8F004B7C42 /* Premium.swift in Sources */ = {isa = PBXBuildFile; fileRef = CE7647AB2840DF8F004B7C42 /* Premium.swift */; };
		CE77701028A27D6A00190D97 /* Create.Field.swift in Sources */ = {isa = PBXBuildFile; fileRef = CE77700F28A27D6A00190D97 /* Create.Field.swift */; };
		CE77701228A27D8500190D97 /* Create.Cell.swift in Sources */ = {isa = PBXBuildFile; fileRef = CE77701128A27D8500190D97 /* Create.Cell.swift */; };
		CE77701428A27D9800190D97 /* Create.Editor.swift in Sources */ = {isa = PBXBuildFile; fileRef = CE77701328A27D9800190D97 /* Create.Editor.swift */; };
		CE787181282FEAA10050BD93 /* Detail.swift in Sources */ = {isa = PBXBuildFile; fileRef = CE787180282FEAA10050BD93 /* Detail.swift */; };
		CE787183282FF7080050BD93 /* Info.swift in Sources */ = {isa = PBXBuildFile; fileRef = CE787182282FF7080050BD93 /* Info.swift */; };
		CE78C582283CDFB60046FF33 /* Liner.swift in Sources */ = {isa = PBXBuildFile; fileRef = CE78C581283CDFB60046FF33 /* Liner.swift */; };
		CE7E701D2844D136008D5CD5 /* Download.swift in Sources */ = {isa = PBXBuildFile; fileRef = CE7E701C2844D136008D5CD5 /* Download.swift */; };
		CE81D91F2823CEDB00364029 /* Action.swift in Sources */ = {isa = PBXBuildFile; fileRef = CE81D91E2823CEDB00364029 /* Action.swift */; };
		CE81D9212823E0BE00364029 /* Find.swift in Sources */ = {isa = PBXBuildFile; fileRef = CE81D9202823E0BE00364029 /* Find.swift */; };
		CE81D9232823E4B200364029 /* Field.swift in Sources */ = {isa = PBXBuildFile; fileRef = CE81D9222823E4B200364029 /* Field.swift */; };
		CE81D92528242DA900364029 /* Find.Item.swift in Sources */ = {isa = PBXBuildFile; fileRef = CE81D92428242DA900364029 /* Find.Item.swift */; };
		CE979A942827EB1100FC0EB0 /* App.Delegate.swift in Sources */ = {isa = PBXBuildFile; fileRef = CE979A932827EB1100FC0EB0 /* App.Delegate.swift */; };
		CE979A962827EB6E00FC0EB0 /* Global.swift in Sources */ = {isa = PBXBuildFile; fileRef = CE979A952827EB6E00FC0EB0 /* Global.swift */; };
		CE979A982827EB9600FC0EB0 /* UNUserNotificationCenter.swift in Sources */ = {isa = PBXBuildFile; fileRef = CE979A972827EB9600FC0EB0 /* UNUserNotificationCenter.swift */; };
		CE979A9A2827EBAD00FC0EB0 /* Store.swift in Sources */ = {isa = PBXBuildFile; fileRef = CE979A992827EBAD00FC0EB0 /* Store.swift */; };
		CE979A9C2827EBBE00FC0EB0 /* Store.Status.swift in Sources */ = {isa = PBXBuildFile; fileRef = CE979A9B2827EBBE00FC0EB0 /* Store.Status.swift */; };
		CE979A9E2827EBD400FC0EB0 /* Store.Item.swift in Sources */ = {isa = PBXBuildFile; fileRef = CE979A9D2827EBD400FC0EB0 /* Store.Item.swift */; };
		CE979AA22827EF4D00FC0EB0 /* CloudKit.framework in Frameworks */ = {isa = PBXBuildFile; fileRef = CE979AA12827EF4D00FC0EB0 /* CloudKit.framework */; };
		CE979AA42827F0EB00FC0EB0 /* Sheet.swift in Sources */ = {isa = PBXBuildFile; fileRef = CE979AA32827F0EB00FC0EB0 /* Sheet.swift */; };
		CE979AA62827F15400FC0EB0 /* Create.Settings.swift in Sources */ = {isa = PBXBuildFile; fileRef = CE979AA52827F15400FC0EB0 /* Create.Settings.swift */; };
		CE979AA82827F21000FC0EB0 /* Create.Options.swift in Sources */ = {isa = PBXBuildFile; fileRef = CE979AA72827F21000FC0EB0 /* Create.Options.swift */; };
		CE979AAA2827FA3D00FC0EB0 /* Window.swift in Sources */ = {isa = PBXBuildFile; fileRef = CE979AA92827FA3D00FC0EB0 /* Window.swift */; };
		CE9EDCC628475A4100CC7ACB /* Scan.Picker.swift in Sources */ = {isa = PBXBuildFile; fileRef = CE9EDCC528475A4100CC7ACB /* Scan.Picker.swift */; };
		CE9EF51628424298008169E2 /* Offload.swift in Sources */ = {isa = PBXBuildFile; fileRef = CE9EF51528424298008169E2 /* Offload.swift */; };
		CEAA2668289D42AE00897FB3 /* Sidebar.swift in Sources */ = {isa = PBXBuildFile; fileRef = CEAA2667289D42AE00897FB3 /* Sidebar.swift */; };
		CEAA266A289D434700897FB3 /* Sidebar.Field.swift in Sources */ = {isa = PBXBuildFile; fileRef = CEAA2669289D434700897FB3 /* Sidebar.Field.swift */; };
		CEAA266C289D435300897FB3 /* Sidebar.Editor.swift in Sources */ = {isa = PBXBuildFile; fileRef = CEAA266B289D435300897FB3 /* Sidebar.Editor.swift */; };
		CEAA266E289D435F00897FB3 /* Sidebar.Cell.swift in Sources */ = {isa = PBXBuildFile; fileRef = CEAA266D289D435F00897FB3 /* Sidebar.Cell.swift */; };
		CEAA2678289D4FE100897FB3 /* Coffee in Frameworks */ = {isa = PBXBuildFile; productRef = CEAA2677289D4FE100897FB3 /* Coffee */; };
		CEAA267A289D5D5500897FB3 /* Content.swift in Sources */ = {isa = PBXBuildFile; fileRef = CEAA2679289D5D5500897FB3 /* Content.swift */; };
		CEAA267C289D60C700897FB3 /* Topbar.swift in Sources */ = {isa = PBXBuildFile; fileRef = CEAA267B289D60C700897FB3 /* Topbar.swift */; };
		CEAE0094282D418900FB5EFF /* Loading.Progress.swift in Sources */ = {isa = PBXBuildFile; fileRef = CEAE0093282D418900FB5EFF /* Loading.Progress.swift */; };
		CEB170EF28A3D20A00F10A35 /* Liner.swift in Sources */ = {isa = PBXBuildFile; fileRef = CE78C581283CDFB60046FF33 /* Liner.swift */; };
		CEB170F028A3D22900F10A35 /* Tiler.swift in Sources */ = {isa = PBXBuildFile; fileRef = CEFC28D42834E32500E47E23 /* Tiler.swift */; };
		CEBDF1ED282E72BC00601056 /* Main.Item.swift in Sources */ = {isa = PBXBuildFile; fileRef = CEBDF1EC282E72BC00601056 /* Main.Item.swift */; };
		CEBDF1EF282E82D100601056 /* Info.Item.swift in Sources */ = {isa = PBXBuildFile; fileRef = CEBDF1EE282E82D100601056 /* Info.Item.swift */; };
		CEC51AB928252F85003DA00D /* Session.swift in Sources */ = {isa = PBXBuildFile; fileRef = CEC51AB828252F85003DA00D /* Session.swift */; };
		CEC51ABB28252FF3003DA00D /* Session.Flow.swift in Sources */ = {isa = PBXBuildFile; fileRef = CEC51ABA28252FF3003DA00D /* Session.Flow.swift */; };
		CEC51ABF28254CD4003DA00D /* Create.Builder.swift in Sources */ = {isa = PBXBuildFile; fileRef = CEC51ABE28254CD4003DA00D /* Create.Builder.swift */; };
		CED7FF0F28A514E20008A429 /* Create.Options.swift in Sources */ = {isa = PBXBuildFile; fileRef = CED7FF0E28A514E20008A429 /* Create.Options.swift */; };
		CED7FF1128A537FB0008A429 /* Find.swift in Sources */ = {isa = PBXBuildFile; fileRef = CED7FF1028A537FB0008A429 /* Find.swift */; };
		CED7FF1328A538C50008A429 /* Find.Field.swift in Sources */ = {isa = PBXBuildFile; fileRef = CED7FF1228A538C50008A429 /* Find.Field.swift */; };
		CED7FF1528A538D20008A429 /* Find.Editor.swift in Sources */ = {isa = PBXBuildFile; fileRef = CED7FF1428A538D20008A429 /* Find.Editor.swift */; };
		CED7FF1728A538DF0008A429 /* Find.Cell.swift in Sources */ = {isa = PBXBuildFile; fileRef = CED7FF1628A538DF0008A429 /* Find.Cell.swift */; };
		CED82A122848A327003742CC /* Scan.Camera.swift in Sources */ = {isa = PBXBuildFile; fileRef = CED82A112848A327003742CC /* Scan.Camera.swift */; };
		CED82A142848A5B0003742CC /* Scan.Status.swift in Sources */ = {isa = PBXBuildFile; fileRef = CED82A132848A5B0003742CC /* Scan.Status.swift */; };
		CED82A162848A7C8003742CC /* Scan.Error.swift in Sources */ = {isa = PBXBuildFile; fileRef = CED82A152848A7C8003742CC /* Scan.Error.swift */; };
		CED82A182848CDE9003742CC /* Scan.Help.swift in Sources */ = {isa = PBXBuildFile; fileRef = CED82A172848CDE9003742CC /* Scan.Help.swift */; };
		CED82A1A2848D7D9003742CC /* Create.Help.swift in Sources */ = {isa = PBXBuildFile; fileRef = CED82A192848D7D9003742CC /* Create.Help.swift */; };
		CED82A1C284909A3003742CC /* Helper.swift in Sources */ = {isa = PBXBuildFile; fileRef = CED82A1B284909A3003742CC /* Helper.swift */; };
		CED82A1E28490DC4003742CC /* Preferences.swift in Sources */ = {isa = PBXBuildFile; fileRef = CED82A1D28490DC4003742CC /* Preferences.swift */; };
		CED82A2028490FFA003742CC /* Copy.swift in Sources */ = {isa = PBXBuildFile; fileRef = CED82A1F28490FFA003742CC /* Copy.swift */; };
		CED82A22284910E6003742CC /* Preferences.Info.swift in Sources */ = {isa = PBXBuildFile; fileRef = CED82A21284910E6003742CC /* Preferences.Info.swift */; };
		CEE215812836863B0083FC99 /* Navigate.Config.swift in Sources */ = {isa = PBXBuildFile; fileRef = CEE215802836863B0083FC99 /* Navigate.Config.swift */; };
		CEE2158328368D230083FC99 /* Navigate.Points.swift in Sources */ = {isa = PBXBuildFile; fileRef = CEE2158228368D230083FC99 /* Navigate.Points.swift */; };
		CEE82CCF284CCD2500228B2D /* Detail.Item.swift in Sources */ = {isa = PBXBuildFile; fileRef = CEE82CCE284CCD2500228B2D /* Detail.Item.swift */; };
		CEEB863F283CFFA800A9FF13 /* User.swift in Sources */ = {isa = PBXBuildFile; fileRef = CEEB863E283CFFA800A9FF13 /* User.swift */; };
		CEF2D72B289C194100D34CCE /* App.swift in Sources */ = {isa = PBXBuildFile; fileRef = CEF2D72A289C194100D34CCE /* App.swift */; };
		CEF2D72F289C194200D34CCE /* Assets.xcassets in Resources */ = {isa = PBXBuildFile; fileRef = CEF2D72E289C194200D34CCE /* Assets.xcassets */; };
		CEF2D738289C19F500D34CCE /* CloudKit.framework in Frameworks */ = {isa = PBXBuildFile; fileRef = CEF2D737289C19F500D34CCE /* CloudKit.framework */; };
		CEF2D73A289C1A0600D34CCE /* StoreKit.framework in Frameworks */ = {isa = PBXBuildFile; fileRef = CEF2D739289C1A0600D34CCE /* StoreKit.framework */; };
		CEF2D73C289C1A0A00D34CCE /* StoreKit.framework in Frameworks */ = {isa = PBXBuildFile; fileRef = CEF2D73B289C1A0A00D34CCE /* StoreKit.framework */; };
		CEF2D73D289C1A4D00D34CCE /* Global.xcassets in Resources */ = {isa = PBXBuildFile; fileRef = CEF58920284B7E2B0049A81C /* Global.xcassets */; };
		CEF2D73E289C1A5100D34CCE /* Media.xcassets in Resources */ = {isa = PBXBuildFile; fileRef = CE2C43A92822D494000007A2 /* Media.xcassets */; };
		CEF2D740289C1E2700D34CCE /* Global.swift in Sources */ = {isa = PBXBuildFile; fileRef = CE979A952827EB6E00FC0EB0 /* Global.swift */; };
		CEF2D742289C1E3A00D34CCE /* Session.swift in Sources */ = {isa = PBXBuildFile; fileRef = CEF2D741289C1E3A00D34CCE /* Session.swift */; };
		CEF2D744289C1F3800D34CCE /* Window.swift in Sources */ = {isa = PBXBuildFile; fileRef = CEF2D743289C1F3800D34CCE /* Window.swift */; };
		CEF58917284B76AE0049A81C /* App.Delegate.swift in Sources */ = {isa = PBXBuildFile; fileRef = CEF58916284B76AE0049A81C /* App.Delegate.swift */; };
		CEF58919284B76C20049A81C /* Offline in Frameworks */ = {isa = PBXBuildFile; productRef = CEF58918284B76C20049A81C /* Offline */; };
		CEF5891A284B7C140049A81C /* Global.swift in Sources */ = {isa = PBXBuildFile; fileRef = CE979A952827EB6E00FC0EB0 /* Global.swift */; };
		CEF5891D284B7CB80049A81C /* CloudKit.framework in Frameworks */ = {isa = PBXBuildFile; fileRef = CEF5891C284B7CB80049A81C /* CloudKit.framework */; };
		CEF58921284B7E2B0049A81C /* Global.xcassets in Resources */ = {isa = PBXBuildFile; fileRef = CEF58920284B7E2B0049A81C /* Global.xcassets */; };
		CEF58922284B7E2B0049A81C /* Global.xcassets in Resources */ = {isa = PBXBuildFile; fileRef = CEF58920284B7E2B0049A81C /* Global.xcassets */; };
		CEF5892B284B7F4F0049A81C /* Main.swift in Sources */ = {isa = PBXBuildFile; fileRef = CEF58929284B7F4F0049A81C /* Main.swift */; };
		CEF5892E284B86D10049A81C /* Detail.swift in Sources */ = {isa = PBXBuildFile; fileRef = CEF5892C284B86D10049A81C /* Detail.swift */; };
		CEF63CBE28509050005EBFED /* Lazy.swift in Sources */ = {isa = PBXBuildFile; fileRef = CEF63CBD28509050005EBFED /* Lazy.swift */; };
		CEF63CC0285093A9005EBFED /* Compass.Draw.swift in Sources */ = {isa = PBXBuildFile; fileRef = CEF63CBF285093A9005EBFED /* Compass.Draw.swift */; };
		CEFC28D52834E32500E47E23 /* Tiler.swift in Sources */ = {isa = PBXBuildFile; fileRef = CEFC28D42834E32500E47E23 /* Tiler.swift */; };
		CEFC28D72834E4A900E47E23 /* Navigate.swift in Sources */ = {isa = PBXBuildFile; fileRef = CEFC28D62834E4A900E47E23 /* Navigate.swift */; };
		CEFC28D92834F0EA00E47E23 /* Navigate.Control.swift in Sources */ = {isa = PBXBuildFile; fileRef = CEFC28D82834F0EA00E47E23 /* Navigate.Control.swift */; };
		CEFC28DB2834FFAF00E47E23 /* Mapper.swift in Sources */ = {isa = PBXBuildFile; fileRef = CEFC28DA2834FFAF00E47E23 /* Mapper.swift */; };
		CEFC28DD2835247400E47E23 /* Unzip.swift in Sources */ = {isa = PBXBuildFile; fileRef = CEFC28DC2835247400E47E23 /* Unzip.swift */; };
		CEFD5374284F636F008141EC /* Compass.swift in Sources */ = {isa = PBXBuildFile; fileRef = CEFD5373284F636F008141EC /* Compass.swift */; };
		CEFD5376284F643B008141EC /* GraphicsContext.swift in Sources */ = {isa = PBXBuildFile; fileRef = CEFD5375284F643B008141EC /* GraphicsContext.swift */; };
/* End PBXBuildFile section */

/* Begin PBXContainerItemProxy section */
		CE146BB1284B6E73002B031D /* PBXContainerItemProxy */ = {
			isa = PBXContainerItemProxy;
			containerPortal = CEFE119D2822D26F00C1B6BC /* Project object */;
			proxyType = 1;
			remoteGlobalIDString = CE146BAE284B6E73002B031D;
			remoteInfo = "watchOS WatchKit Extension";
		};
		CE146BC0284B6E73002B031D /* PBXContainerItemProxy */ = {
			isa = PBXContainerItemProxy;
			containerPortal = CEFE119D2822D26F00C1B6BC /* Project object */;
			proxyType = 1;
			remoteGlobalIDString = CE146BA6284B6E72002B031D;
			remoteInfo = watchOS;
		};
/* End PBXContainerItemProxy section */

/* Begin PBXCopyFilesBuildPhase section */
		CE146BC3284B6E73002B031D /* Embed Watch Content */ = {
			isa = PBXCopyFilesBuildPhase;
			buildActionMask = 2147483647;
			dstPath = "$(CONTENTS_FOLDER_PATH)/Watch";
			dstSubfolderSpec = 16;
			files = (
				CE146BC2284B6E73002B031D /* App.app in Embed Watch Content */,
			);
			name = "Embed Watch Content";
			runOnlyForDeploymentPostprocessing = 0;
		};
		CE146BC6284B6E73002B031D /* Embed App Extensions */ = {
			isa = PBXCopyFilesBuildPhase;
			buildActionMask = 2147483647;
			dstPath = "";
			dstSubfolderSpec = 13;
			files = (
				CE146BB0284B6E73002B031D /* App.appex in Embed App Extensions */,
			);
			name = "Embed App Extensions";
			runOnlyForDeploymentPostprocessing = 0;
		};
/* End PBXCopyFilesBuildPhase section */

/* Begin PBXFileReference section */
		CE00C3A528A1226C00D5129B /* Sidebar.Item.swift */ = {isa = PBXFileReference; lastKnownFileType = sourcecode.swift; path = Sidebar.Item.swift; sourceTree = "<group>"; };
		CE00C3A728A1289100D5129B /* MapKit.framework */ = {isa = PBXFileReference; lastKnownFileType = wrapper.framework; name = MapKit.framework; path = System/Library/Frameworks/MapKit.framework; sourceTree = SDKROOT; };
		CE00C3A928A1289900D5129B /* MapKit.framework */ = {isa = PBXFileReference; lastKnownFileType = wrapper.framework; name = MapKit.framework; path = Platforms/iPhoneOS.platform/Developer/SDKs/iPhoneOS15.5.sdk/System/Library/Frameworks/MapKit.framework; sourceTree = DEVELOPER_DIR; };
		CE00C3AB28A1292E00D5129B /* Session.Flow.swift */ = {isa = PBXFileReference; lastKnownFileType = sourcecode.swift; path = Session.Flow.swift; sourceTree = "<group>"; };
		CE00C3AD28A143A300D5129B /* Create.swift */ = {isa = PBXFileReference; lastKnownFileType = sourcecode.swift; path = Create.swift; sourceTree = "<group>"; };
		CE00C3AF28A1466A00D5129B /* Main.swift */ = {isa = PBXFileReference; lastKnownFileType = sourcecode.swift; path = Main.swift; sourceTree = "<group>"; };
		CE00C3B128A14E6C00D5129B /* Create.Builder.swift */ = {isa = PBXFileReference; lastKnownFileType = sourcecode.swift; path = Create.Builder.swift; sourceTree = "<group>"; };
		CE00C3B328A150FB00D5129B /* Map.swift */ = {isa = PBXFileReference; lastKnownFileType = sourcecode.swift; path = Map.swift; sourceTree = "<group>"; };
		CE00C3B528A15D3D00D5129B /* User.swift */ = {isa = PBXFileReference; lastKnownFileType = sourcecode.swift; path = User.swift; sourceTree = "<group>"; };
		CE146BA7284B6E72002B031D /* App.app */ = {isa = PBXFileReference; explicitFileType = wrapper.application; includeInIndex = 0; path = App.app; sourceTree = BUILT_PRODUCTS_DIR; };
		CE146BA9284B6E73002B031D /* Assets.xcassets */ = {isa = PBXFileReference; lastKnownFileType = folder.assetcatalog; path = Assets.xcassets; sourceTree = "<group>"; };
		CE146BAF284B6E73002B031D /* App.appex */ = {isa = PBXFileReference; explicitFileType = "wrapper.app-extension"; includeInIndex = 0; path = App.appex; sourceTree = BUILT_PRODUCTS_DIR; };
		CE146BB6284B6E73002B031D /* App.swift */ = {isa = PBXFileReference; lastKnownFileType = sourcecode.swift; path = App.swift; sourceTree = "<group>"; };
		CE146BBF284B6E73002B031D /* Info.plist */ = {isa = PBXFileReference; lastKnownFileType = text.plist.xml; path = Info.plist; sourceTree = "<group>"; };
		CE1EF9C0284E0AAA00E43F2B /* Navigate.swift */ = {isa = PBXFileReference; lastKnownFileType = sourcecode.swift; path = Navigate.swift; sourceTree = "<group>"; };
		CE1EF9C2284E0C3A00E43F2B /* Navigate.Draw.swift */ = {isa = PBXFileReference; lastKnownFileType = sourcecode.swift; path = Navigate.Draw.swift; sourceTree = "<group>"; };
		CE1EF9C4284E0E1D00E43F2B /* Session.swift */ = {isa = PBXFileReference; lastKnownFileType = sourcecode.swift; path = Session.swift; sourceTree = "<group>"; };
		CE2025FF28A3F3EA006296A9 /* Create.Settings.swift */ = {isa = PBXFileReference; lastKnownFileType = sourcecode.swift; path = Create.Settings.swift; sourceTree = "<group>"; };
		CE2C43952822D2B0000007A2 /* App.app */ = {isa = PBXFileReference; explicitFileType = wrapper.application; includeInIndex = 0; path = App.app; sourceTree = BUILT_PRODUCTS_DIR; };
		CE2C43982822D2B0000007A2 /* App.swift */ = {isa = PBXFileReference; lastKnownFileType = sourcecode.swift; path = App.swift; sourceTree = "<group>"; };
		CE2C439C2822D2B0000007A2 /* Assets.xcassets */ = {isa = PBXFileReference; lastKnownFileType = folder.assetcatalog; path = Assets.xcassets; sourceTree = "<group>"; };
		CE2C43A72822D3EA000007A2 /* Info.plist */ = {isa = PBXFileReference; lastKnownFileType = text.plist; path = Info.plist; sourceTree = "<group>"; };
		CE2C43A92822D494000007A2 /* Media.xcassets */ = {isa = PBXFileReference; lastKnownFileType = folder.assetcatalog; path = Media.xcassets; sourceTree = "<group>"; };
		CE2C43AB2822D4CB000007A2 /* Launch Screen.storyboard */ = {isa = PBXFileReference; lastKnownFileType = file.storyboard; path = "Launch Screen.storyboard"; sourceTree = "<group>"; };
		CE2C43AD2822E071000007A2 /* Map.swift */ = {isa = PBXFileReference; lastKnownFileType = sourcecode.swift; path = Map.swift; sourceTree = "<group>"; };
		CE2C43B12822E1E2000007A2 /* Create.swift */ = {isa = PBXFileReference; lastKnownFileType = sourcecode.swift; path = Create.swift; sourceTree = "<group>"; };
		CE2C43B32822E4A0000007A2 /* Main.swift */ = {isa = PBXFileReference; lastKnownFileType = sourcecode.swift; path = Main.swift; sourceTree = "<group>"; };
		CE2C43B72822E9AF000007A2 /* UIApplication.swift */ = {isa = PBXFileReference; lastKnownFileType = sourcecode.swift; path = UIApplication.swift; sourceTree = "<group>"; };
		CE3A92C5283E6C5400D52C2A /* Configuration.storekit */ = {isa = PBXFileReference; lastKnownFileType = text; path = Configuration.storekit; sourceTree = "<group>"; };
		CE3A92C6283E6D8D00D52C2A /* Upgrade.swift */ = {isa = PBXFileReference; lastKnownFileType = sourcecode.swift; path = Upgrade.swift; sourceTree = "<group>"; };
		CE3AF0E92844F3C10016AA02 /* Downloaded.swift */ = {isa = PBXFileReference; lastKnownFileType = sourcecode.swift; path = Downloaded.swift; sourceTree = "<group>"; };
		CE3AF0EB2844F4530016AA02 /* Offloaded.swift */ = {isa = PBXFileReference; lastKnownFileType = sourcecode.swift; path = Offloaded.swift; sourceTree = "<group>"; };
		CE3AF0ED284525AB0016AA02 /* Share.swift */ = {isa = PBXFileReference; lastKnownFileType = sourcecode.swift; path = Share.swift; sourceTree = "<group>"; };
		CE4FF11D28327F42008DB139 /* Deleted.swift */ = {isa = PBXFileReference; lastKnownFileType = sourcecode.swift; path = Deleted.swift; sourceTree = "<group>"; };
		CE4FF11F28327F84008DB139 /* Created.swift */ = {isa = PBXFileReference; lastKnownFileType = sourcecode.swift; path = Created.swift; sourceTree = "<group>"; };
		CE502C9628291267004F16AF /* Pop.swift */ = {isa = PBXFileReference; lastKnownFileType = sourcecode.swift; path = Pop.swift; sourceTree = "<group>"; };
		CE502C98282928DC004F16AF /* Loading.swift */ = {isa = PBXFileReference; lastKnownFileType = sourcecode.swift; path = Loading.swift; sourceTree = "<group>"; };
		CE50539B284A18C2001ACCCB /* About.swift */ = {isa = PBXFileReference; lastKnownFileType = sourcecode.swift; path = About.swift; sourceTree = "<group>"; };
		CE50539D284A1D1C001ACCCB /* Purchases.swift */ = {isa = PBXFileReference; lastKnownFileType = sourcecode.swift; path = Purchases.swift; sourceTree = "<group>"; };
		CE5162842846118F007D5D61 /* Shared.swift */ = {isa = PBXFileReference; lastKnownFileType = sourcecode.swift; path = Shared.swift; sourceTree = "<group>"; };
		CE51628628462DC8007D5D61 /* Scan.swift */ = {isa = PBXFileReference; lastKnownFileType = sourcecode.swift; path = Scan.swift; sourceTree = "<group>"; };
		CE7647AB2840DF8F004B7C42 /* Premium.swift */ = {isa = PBXFileReference; lastKnownFileType = sourcecode.swift; path = Premium.swift; sourceTree = "<group>"; };
		CE77700F28A27D6A00190D97 /* Create.Field.swift */ = {isa = PBXFileReference; lastKnownFileType = sourcecode.swift; path = Create.Field.swift; sourceTree = "<group>"; };
		CE77701128A27D8500190D97 /* Create.Cell.swift */ = {isa = PBXFileReference; lastKnownFileType = sourcecode.swift; path = Create.Cell.swift; sourceTree = "<group>"; };
		CE77701328A27D9800190D97 /* Create.Editor.swift */ = {isa = PBXFileReference; lastKnownFileType = sourcecode.swift; path = Create.Editor.swift; sourceTree = "<group>"; };
		CE787180282FEAA10050BD93 /* Detail.swift */ = {isa = PBXFileReference; lastKnownFileType = sourcecode.swift; path = Detail.swift; sourceTree = "<group>"; };
		CE787182282FF7080050BD93 /* Info.swift */ = {isa = PBXFileReference; lastKnownFileType = sourcecode.swift; path = Info.swift; sourceTree = "<group>"; };
		CE78C581283CDFB60046FF33 /* Liner.swift */ = {isa = PBXFileReference; lastKnownFileType = sourcecode.swift; path = Liner.swift; sourceTree = "<group>"; };
		CE7E701C2844D136008D5CD5 /* Download.swift */ = {isa = PBXFileReference; lastKnownFileType = sourcecode.swift; path = Download.swift; sourceTree = "<group>"; };
		CE81D91E2823CEDB00364029 /* Action.swift */ = {isa = PBXFileReference; lastKnownFileType = sourcecode.swift; path = Action.swift; sourceTree = "<group>"; };
		CE81D9202823E0BE00364029 /* Find.swift */ = {isa = PBXFileReference; lastKnownFileType = sourcecode.swift; path = Find.swift; sourceTree = "<group>"; };
		CE81D9222823E4B200364029 /* Field.swift */ = {isa = PBXFileReference; lastKnownFileType = sourcecode.swift; path = Field.swift; sourceTree = "<group>"; };
		CE81D92428242DA900364029 /* Find.Item.swift */ = {isa = PBXFileReference; lastKnownFileType = sourcecode.swift; path = Find.Item.swift; sourceTree = "<group>"; };
		CE979A932827EB1100FC0EB0 /* App.Delegate.swift */ = {isa = PBXFileReference; lastKnownFileType = sourcecode.swift; path = App.Delegate.swift; sourceTree = "<group>"; };
		CE979A952827EB6E00FC0EB0 /* Global.swift */ = {isa = PBXFileReference; lastKnownFileType = sourcecode.swift; path = Global.swift; sourceTree = "<group>"; };
		CE979A972827EB9600FC0EB0 /* UNUserNotificationCenter.swift */ = {isa = PBXFileReference; lastKnownFileType = sourcecode.swift; path = UNUserNotificationCenter.swift; sourceTree = "<group>"; };
		CE979A992827EBAD00FC0EB0 /* Store.swift */ = {isa = PBXFileReference; lastKnownFileType = sourcecode.swift; path = Store.swift; sourceTree = "<group>"; };
		CE979A9B2827EBBE00FC0EB0 /* Store.Status.swift */ = {isa = PBXFileReference; lastKnownFileType = sourcecode.swift; path = Store.Status.swift; sourceTree = "<group>"; };
		CE979A9D2827EBD400FC0EB0 /* Store.Item.swift */ = {isa = PBXFileReference; lastKnownFileType = sourcecode.swift; path = Store.Item.swift; sourceTree = "<group>"; };
		CE979A9F2827EF4A00FC0EB0 /* iOS.entitlements */ = {isa = PBXFileReference; lastKnownFileType = text.plist.entitlements; path = iOS.entitlements; sourceTree = "<group>"; };
		CE979AA12827EF4D00FC0EB0 /* CloudKit.framework */ = {isa = PBXFileReference; lastKnownFileType = wrapper.framework; name = CloudKit.framework; path = Platforms/iPhoneOS.platform/Developer/SDKs/iPhoneOS15.4.sdk/System/Library/Frameworks/CloudKit.framework; sourceTree = DEVELOPER_DIR; };
		CE979AA32827F0EB00FC0EB0 /* Sheet.swift */ = {isa = PBXFileReference; lastKnownFileType = sourcecode.swift; path = Sheet.swift; sourceTree = "<group>"; };
		CE979AA52827F15400FC0EB0 /* Create.Settings.swift */ = {isa = PBXFileReference; lastKnownFileType = sourcecode.swift; path = Create.Settings.swift; sourceTree = "<group>"; };
		CE979AA72827F21000FC0EB0 /* Create.Options.swift */ = {isa = PBXFileReference; lastKnownFileType = sourcecode.swift; path = Create.Options.swift; sourceTree = "<group>"; };
		CE979AA92827FA3D00FC0EB0 /* Window.swift */ = {isa = PBXFileReference; lastKnownFileType = sourcecode.swift; path = Window.swift; sourceTree = "<group>"; };
		CE9EDCC528475A4100CC7ACB /* Scan.Picker.swift */ = {isa = PBXFileReference; lastKnownFileType = sourcecode.swift; path = Scan.Picker.swift; sourceTree = "<group>"; };
		CE9EF51528424298008169E2 /* Offload.swift */ = {isa = PBXFileReference; lastKnownFileType = sourcecode.swift; path = Offload.swift; sourceTree = "<group>"; };
		CEAA2667289D42AE00897FB3 /* Sidebar.swift */ = {isa = PBXFileReference; lastKnownFileType = sourcecode.swift; path = Sidebar.swift; sourceTree = "<group>"; };
		CEAA2669289D434700897FB3 /* Sidebar.Field.swift */ = {isa = PBXFileReference; lastKnownFileType = sourcecode.swift; path = Sidebar.Field.swift; sourceTree = "<group>"; };
		CEAA266B289D435300897FB3 /* Sidebar.Editor.swift */ = {isa = PBXFileReference; lastKnownFileType = sourcecode.swift; path = Sidebar.Editor.swift; sourceTree = "<group>"; };
		CEAA266D289D435F00897FB3 /* Sidebar.Cell.swift */ = {isa = PBXFileReference; lastKnownFileType = sourcecode.swift; path = Sidebar.Cell.swift; sourceTree = "<group>"; };
		CEAA2679289D5D5500897FB3 /* Content.swift */ = {isa = PBXFileReference; lastKnownFileType = sourcecode.swift; path = Content.swift; sourceTree = "<group>"; };
		CEAA267B289D60C700897FB3 /* Topbar.swift */ = {isa = PBXFileReference; lastKnownFileType = sourcecode.swift; path = Topbar.swift; sourceTree = "<group>"; };
		CEAE0093282D418900FB5EFF /* Loading.Progress.swift */ = {isa = PBXFileReference; lastKnownFileType = sourcecode.swift; path = Loading.Progress.swift; sourceTree = "<group>"; };
		CEBDF1EC282E72BC00601056 /* Main.Item.swift */ = {isa = PBXFileReference; lastKnownFileType = sourcecode.swift; path = Main.Item.swift; sourceTree = "<group>"; };
		CEBDF1EE282E82D100601056 /* Info.Item.swift */ = {isa = PBXFileReference; lastKnownFileType = sourcecode.swift; path = Info.Item.swift; sourceTree = "<group>"; };
		CEC51AB828252F85003DA00D /* Session.swift */ = {isa = PBXFileReference; lastKnownFileType = sourcecode.swift; path = Session.swift; sourceTree = "<group>"; };
		CEC51ABA28252FF3003DA00D /* Session.Flow.swift */ = {isa = PBXFileReference; lastKnownFileType = sourcecode.swift; path = Session.Flow.swift; sourceTree = "<group>"; };
		CEC51ABE28254CD4003DA00D /* Create.Builder.swift */ = {isa = PBXFileReference; lastKnownFileType = sourcecode.swift; path = Create.Builder.swift; sourceTree = "<group>"; };
		CED7FF0E28A514E20008A429 /* Create.Options.swift */ = {isa = PBXFileReference; lastKnownFileType = sourcecode.swift; path = Create.Options.swift; sourceTree = "<group>"; };
		CED7FF1028A537FB0008A429 /* Find.swift */ = {isa = PBXFileReference; lastKnownFileType = sourcecode.swift; path = Find.swift; sourceTree = "<group>"; };
		CED7FF1228A538C50008A429 /* Find.Field.swift */ = {isa = PBXFileReference; lastKnownFileType = sourcecode.swift; path = Find.Field.swift; sourceTree = "<group>"; };
		CED7FF1428A538D20008A429 /* Find.Editor.swift */ = {isa = PBXFileReference; lastKnownFileType = sourcecode.swift; path = Find.Editor.swift; sourceTree = "<group>"; };
		CED7FF1628A538DF0008A429 /* Find.Cell.swift */ = {isa = PBXFileReference; lastKnownFileType = sourcecode.swift; path = Find.Cell.swift; sourceTree = "<group>"; };
		CED82A112848A327003742CC /* Scan.Camera.swift */ = {isa = PBXFileReference; lastKnownFileType = sourcecode.swift; path = Scan.Camera.swift; sourceTree = "<group>"; };
		CED82A132848A5B0003742CC /* Scan.Status.swift */ = {isa = PBXFileReference; lastKnownFileType = sourcecode.swift; path = Scan.Status.swift; sourceTree = "<group>"; };
		CED82A152848A7C8003742CC /* Scan.Error.swift */ = {isa = PBXFileReference; lastKnownFileType = sourcecode.swift; path = Scan.Error.swift; sourceTree = "<group>"; };
		CED82A172848CDE9003742CC /* Scan.Help.swift */ = {isa = PBXFileReference; lastKnownFileType = sourcecode.swift; path = Scan.Help.swift; sourceTree = "<group>"; };
		CED82A192848D7D9003742CC /* Create.Help.swift */ = {isa = PBXFileReference; lastKnownFileType = sourcecode.swift; path = Create.Help.swift; sourceTree = "<group>"; };
		CED82A1B284909A3003742CC /* Helper.swift */ = {isa = PBXFileReference; lastKnownFileType = sourcecode.swift; path = Helper.swift; sourceTree = "<group>"; };
		CED82A1D28490DC4003742CC /* Preferences.swift */ = {isa = PBXFileReference; lastKnownFileType = sourcecode.swift; path = Preferences.swift; sourceTree = "<group>"; };
		CED82A1F28490FFA003742CC /* Copy.swift */ = {isa = PBXFileReference; lastKnownFileType = sourcecode.swift; path = Copy.swift; sourceTree = "<group>"; };
		CED82A21284910E6003742CC /* Preferences.Info.swift */ = {isa = PBXFileReference; lastKnownFileType = sourcecode.swift; path = Preferences.Info.swift; sourceTree = "<group>"; };
		CEE215802836863B0083FC99 /* Navigate.Config.swift */ = {isa = PBXFileReference; lastKnownFileType = sourcecode.swift; path = Navigate.Config.swift; sourceTree = "<group>"; };
		CEE2158228368D230083FC99 /* Navigate.Points.swift */ = {isa = PBXFileReference; lastKnownFileType = sourcecode.swift; path = Navigate.Points.swift; sourceTree = "<group>"; };
		CEE82CCE284CCD2500228B2D /* Detail.Item.swift */ = {isa = PBXFileReference; lastKnownFileType = sourcecode.swift; path = Detail.Item.swift; sourceTree = "<group>"; };
		CEEB863E283CFFA800A9FF13 /* User.swift */ = {isa = PBXFileReference; lastKnownFileType = sourcecode.swift; path = User.swift; sourceTree = "<group>"; };
		CEF2D728289C194100D34CCE /* Offline.app */ = {isa = PBXFileReference; explicitFileType = wrapper.application; includeInIndex = 0; path = Offline.app; sourceTree = BUILT_PRODUCTS_DIR; };
		CEF2D72A289C194100D34CCE /* App.swift */ = {isa = PBXFileReference; lastKnownFileType = sourcecode.swift; path = App.swift; sourceTree = "<group>"; };
		CEF2D72E289C194200D34CCE /* Assets.xcassets */ = {isa = PBXFileReference; lastKnownFileType = folder.assetcatalog; path = Assets.xcassets; sourceTree = "<group>"; };
		CEF2D733289C194200D34CCE /* macOS.entitlements */ = {isa = PBXFileReference; lastKnownFileType = text.plist.entitlements; path = macOS.entitlements; sourceTree = "<group>"; };
		CEF2D737289C19F500D34CCE /* CloudKit.framework */ = {isa = PBXFileReference; lastKnownFileType = wrapper.framework; name = CloudKit.framework; path = System/Library/Frameworks/CloudKit.framework; sourceTree = SDKROOT; };
		CEF2D739289C1A0600D34CCE /* StoreKit.framework */ = {isa = PBXFileReference; lastKnownFileType = wrapper.framework; name = StoreKit.framework; path = System/Library/Frameworks/StoreKit.framework; sourceTree = SDKROOT; };
		CEF2D73B289C1A0A00D34CCE /* StoreKit.framework */ = {isa = PBXFileReference; lastKnownFileType = wrapper.framework; name = StoreKit.framework; path = Platforms/iPhoneOS.platform/Developer/SDKs/iPhoneOS15.5.sdk/System/Library/Frameworks/StoreKit.framework; sourceTree = DEVELOPER_DIR; };
		CEF2D73F289C1A9D00D34CCE /* Info.plist */ = {isa = PBXFileReference; lastKnownFileType = text.plist; path = Info.plist; sourceTree = "<group>"; };
		CEF2D741289C1E3A00D34CCE /* Session.swift */ = {isa = PBXFileReference; lastKnownFileType = sourcecode.swift; path = Session.swift; sourceTree = "<group>"; };
		CEF2D743289C1F3800D34CCE /* Window.swift */ = {isa = PBXFileReference; lastKnownFileType = sourcecode.swift; path = Window.swift; sourceTree = "<group>"; };
		CEF58916284B76AE0049A81C /* App.Delegate.swift */ = {isa = PBXFileReference; lastKnownFileType = sourcecode.swift; path = App.Delegate.swift; sourceTree = "<group>"; };
		CEF5891B284B7CAF0049A81C /* watchOS Extension.entitlements */ = {isa = PBXFileReference; lastKnownFileType = text.plist.entitlements; path = "watchOS Extension.entitlements"; sourceTree = "<group>"; };
		CEF5891C284B7CB80049A81C /* CloudKit.framework */ = {isa = PBXFileReference; lastKnownFileType = wrapper.framework; name = CloudKit.framework; path = Platforms/WatchOS.platform/Developer/SDKs/WatchOS8.5.sdk/System/Library/Frameworks/CloudKit.framework; sourceTree = DEVELOPER_DIR; };
		CEF58920284B7E2B0049A81C /* Global.xcassets */ = {isa = PBXFileReference; lastKnownFileType = folder.assetcatalog; path = Global.xcassets; sourceTree = "<group>"; };
		CEF58929284B7F4F0049A81C /* Main.swift */ = {isa = PBXFileReference; lastKnownFileType = sourcecode.swift; path = Main.swift; sourceTree = "<group>"; };
		CEF5892C284B86D10049A81C /* Detail.swift */ = {isa = PBXFileReference; lastKnownFileType = sourcecode.swift; path = Detail.swift; sourceTree = "<group>"; };
		CEF63CBD28509050005EBFED /* Lazy.swift */ = {isa = PBXFileReference; lastKnownFileType = sourcecode.swift; path = Lazy.swift; sourceTree = "<group>"; };
		CEF63CBF285093A9005EBFED /* Compass.Draw.swift */ = {isa = PBXFileReference; lastKnownFileType = sourcecode.swift; path = Compass.Draw.swift; sourceTree = "<group>"; };
		CEFC28D42834E32500E47E23 /* Tiler.swift */ = {isa = PBXFileReference; lastKnownFileType = sourcecode.swift; path = Tiler.swift; sourceTree = "<group>"; };
		CEFC28D62834E4A900E47E23 /* Navigate.swift */ = {isa = PBXFileReference; lastKnownFileType = sourcecode.swift; path = Navigate.swift; sourceTree = "<group>"; };
		CEFC28D82834F0EA00E47E23 /* Navigate.Control.swift */ = {isa = PBXFileReference; lastKnownFileType = sourcecode.swift; path = Navigate.Control.swift; sourceTree = "<group>"; };
		CEFC28DA2834FFAF00E47E23 /* Mapper.swift */ = {isa = PBXFileReference; lastKnownFileType = sourcecode.swift; path = Mapper.swift; sourceTree = "<group>"; };
		CEFC28DC2835247400E47E23 /* Unzip.swift */ = {isa = PBXFileReference; lastKnownFileType = sourcecode.swift; path = Unzip.swift; sourceTree = "<group>"; };
		CEFD5373284F636F008141EC /* Compass.swift */ = {isa = PBXFileReference; lastKnownFileType = sourcecode.swift; path = Compass.swift; sourceTree = "<group>"; };
		CEFD5375284F643B008141EC /* GraphicsContext.swift */ = {isa = PBXFileReference; lastKnownFileType = sourcecode.swift; path = GraphicsContext.swift; sourceTree = "<group>"; };
/* End PBXFileReference section */

/* Begin PBXFrameworksBuildPhase section */
		CE146BAC284B6E73002B031D /* Frameworks */ = {
			isa = PBXFrameworksBuildPhase;
			buildActionMask = 2147483647;
			files = (
				CEF58919284B76C20049A81C /* Offline in Frameworks */,
				CEF5891D284B7CB80049A81C /* CloudKit.framework in Frameworks */,
			);
			runOnlyForDeploymentPostprocessing = 0;
		};
		CE2C43922822D2B0000007A2 /* Frameworks */ = {
			isa = PBXFrameworksBuildPhase;
			buildActionMask = 2147483647;
			files = (
				CEF2D73C289C1A0A00D34CCE /* StoreKit.framework in Frameworks */,
				CE2C43A62822D2E4000007A2 /* Offline in Frameworks */,
				CE00C3AA28A1289900D5129B /* MapKit.framework in Frameworks */,
				CE979AA22827EF4D00FC0EB0 /* CloudKit.framework in Frameworks */,
			);
			runOnlyForDeploymentPostprocessing = 0;
		};
		CEF2D725289C194100D34CCE /* Frameworks */ = {
			isa = PBXFrameworksBuildPhase;
			buildActionMask = 2147483647;
			files = (
				CE002CBE289C1F7B0010F6F9 /* Offline in Frameworks */,
				CEF2D738289C19F500D34CCE /* CloudKit.framework in Frameworks */,
				CE00C3A828A1289100D5129B /* MapKit.framework in Frameworks */,
				CEAA2678289D4FE100897FB3 /* Coffee in Frameworks */,
				CEF2D73A289C1A0600D34CCE /* StoreKit.framework in Frameworks */,
			);
			runOnlyForDeploymentPostprocessing = 0;
		};
/* End PBXFrameworksBuildPhase section */

/* Begin PBXGroup section */
		CE146BA8284B6E72002B031D /* watchOS */ = {
			isa = PBXGroup;
			children = (
				CE146BA9284B6E73002B031D /* Assets.xcassets */,
			);
			path = watchOS;
			sourceTree = "<group>";
		};
		CE146BB3284B6E73002B031D /* watchOS Extension */ = {
			isa = PBXGroup;
			children = (
				CEF5891B284B7CAF0049A81C /* watchOS Extension.entitlements */,
				CE146BBF284B6E73002B031D /* Info.plist */,
				CEF58916284B76AE0049A81C /* App.Delegate.swift */,
				CE146BB6284B6E73002B031D /* App.swift */,
				CEF63CBF285093A9005EBFED /* Compass.Draw.swift */,
				CEFD5373284F636F008141EC /* Compass.swift */,
				CEE82CCE284CCD2500228B2D /* Detail.Item.swift */,
				CEF5892C284B86D10049A81C /* Detail.swift */,
				CEFD5375284F643B008141EC /* GraphicsContext.swift */,
				CEF63CBD28509050005EBFED /* Lazy.swift */,
				CEF58929284B7F4F0049A81C /* Main.swift */,
				CE1EF9C2284E0C3A00E43F2B /* Navigate.Draw.swift */,
				CE1EF9C0284E0AAA00E43F2B /* Navigate.swift */,
				CE1EF9C4284E0E1D00E43F2B /* Session.swift */,
			);
			path = "watchOS Extension";
			sourceTree = "<group>";
		};
		CE2C43962822D2B0000007A2 /* Products */ = {
			isa = PBXGroup;
			children = (
				CE2C43952822D2B0000007A2 /* App.app */,
				CE146BA7284B6E72002B031D /* App.app */,
				CE146BAF284B6E73002B031D /* App.appex */,
				CEF2D728289C194100D34CCE /* Offline.app */,
			);
			name = Products;
			sourceTree = "<group>";
		};
		CE2C43972822D2B0000007A2 /* iOS */ = {
			isa = PBXGroup;
			children = (
				CE979A9F2827EF4A00FC0EB0 /* iOS.entitlements */,
				CE2C43A72822D3EA000007A2 /* Info.plist */,
				CE3A92C5283E6C5400D52C2A /* Configuration.storekit */,
				CE2C43AB2822D4CB000007A2 /* Launch Screen.storyboard */,
				CE50539B284A18C2001ACCCB /* About.swift */,
				CE81D91E2823CEDB00364029 /* Action.swift */,
				CE979A932827EB1100FC0EB0 /* App.Delegate.swift */,
				CE2C43982822D2B0000007A2 /* App.swift */,
				CEC51ABE28254CD4003DA00D /* Create.Builder.swift */,
				CED82A192848D7D9003742CC /* Create.Help.swift */,
				CE979AA72827F21000FC0EB0 /* Create.Options.swift */,
				CE979AA52827F15400FC0EB0 /* Create.Settings.swift */,
				CE2C43B12822E1E2000007A2 /* Create.swift */,
				CE4FF11F28327F84008DB139 /* Created.swift */,
				CE4FF11D28327F42008DB139 /* Deleted.swift */,
				CE787180282FEAA10050BD93 /* Detail.swift */,
				CE7E701C2844D136008D5CD5 /* Download.swift */,
				CE3AF0E92844F3C10016AA02 /* Downloaded.swift */,
				CE81D9222823E4B200364029 /* Field.swift */,
				CE81D92428242DA900364029 /* Find.Item.swift */,
				CE81D9202823E0BE00364029 /* Find.swift */,
				CED82A1B284909A3003742CC /* Helper.swift */,
				CEBDF1EE282E82D100601056 /* Info.Item.swift */,
				CE787182282FF7080050BD93 /* Info.swift */,
				CEAE0093282D418900FB5EFF /* Loading.Progress.swift */,
				CE502C98282928DC004F16AF /* Loading.swift */,
				CEBDF1EC282E72BC00601056 /* Main.Item.swift */,
				CE2C43B32822E4A0000007A2 /* Main.swift */,
				CE2C43AD2822E071000007A2 /* Map.swift */,
				CEFC28DA2834FFAF00E47E23 /* Mapper.swift */,
				CEE215802836863B0083FC99 /* Navigate.Config.swift */,
				CEFC28D82834F0EA00E47E23 /* Navigate.Control.swift */,
				CEE2158228368D230083FC99 /* Navigate.Points.swift */,
				CEFC28D62834E4A900E47E23 /* Navigate.swift */,
				CE9EF51528424298008169E2 /* Offload.swift */,
				CE3AF0EB2844F4530016AA02 /* Offloaded.swift */,
				CE502C9628291267004F16AF /* Pop.swift */,
				CED82A21284910E6003742CC /* Preferences.Info.swift */,
				CED82A1D28490DC4003742CC /* Preferences.swift */,
				CE7647AB2840DF8F004B7C42 /* Premium.swift */,
				CE50539D284A1D1C001ACCCB /* Purchases.swift */,
				CED82A112848A327003742CC /* Scan.Camera.swift */,
				CED82A152848A7C8003742CC /* Scan.Error.swift */,
				CED82A172848CDE9003742CC /* Scan.Help.swift */,
				CE9EDCC528475A4100CC7ACB /* Scan.Picker.swift */,
				CED82A132848A5B0003742CC /* Scan.Status.swift */,
				CE51628628462DC8007D5D61 /* Scan.swift */,
				CEC51ABA28252FF3003DA00D /* Session.Flow.swift */,
				CEC51AB828252F85003DA00D /* Session.swift */,
				CE3AF0ED284525AB0016AA02 /* Share.swift */,
				CE5162842846118F007D5D61 /* Shared.swift */,
				CE979AA32827F0EB00FC0EB0 /* Sheet.swift */,
				CE2C43B72822E9AF000007A2 /* UIApplication.swift */,
				CEFC28DC2835247400E47E23 /* Unzip.swift */,
				CE3A92C6283E6D8D00D52C2A /* Upgrade.swift */,
				CEEB863E283CFFA800A9FF13 /* User.swift */,
				CE979AA92827FA3D00FC0EB0 /* Window.swift */,
				CE2C439C2822D2B0000007A2 /* Assets.xcassets */,
			);
			path = iOS;
			sourceTree = "<group>";
		};
		CE2C43A82822D483000007A2 /* Shared */ = {
			isa = PBXGroup;
			children = (
				CED82A1F28490FFA003742CC /* Copy.swift */,
				CE979A952827EB6E00FC0EB0 /* Global.swift */,
				CE78C581283CDFB60046FF33 /* Liner.swift */,
				CE979A9D2827EBD400FC0EB0 /* Store.Item.swift */,
				CE979A9B2827EBBE00FC0EB0 /* Store.Status.swift */,
				CE979A992827EBAD00FC0EB0 /* Store.swift */,
				CEFC28D42834E32500E47E23 /* Tiler.swift */,
				CE979A972827EB9600FC0EB0 /* UNUserNotificationCenter.swift */,
				CEF58920284B7E2B0049A81C /* Global.xcassets */,
				CE2C43A92822D494000007A2 /* Media.xcassets */,
			);
			path = Shared;
			sourceTree = "<group>";
		};
		CE979AA02827EF4D00FC0EB0 /* Frameworks */ = {
			isa = PBXGroup;
			children = (
				CE00C3A928A1289900D5129B /* MapKit.framework */,
				CE00C3A728A1289100D5129B /* MapKit.framework */,
				CEF2D73B289C1A0A00D34CCE /* StoreKit.framework */,
				CEF2D739289C1A0600D34CCE /* StoreKit.framework */,
				CEF2D737289C19F500D34CCE /* CloudKit.framework */,
				CEF5891C284B7CB80049A81C /* CloudKit.framework */,
				CE979AA12827EF4D00FC0EB0 /* CloudKit.framework */,
			);
			name = Frameworks;
			sourceTree = "<group>";
		};
		CEF2D729289C194100D34CCE /* macOS */ = {
			isa = PBXGroup;
			children = (
				CEF2D733289C194200D34CCE /* macOS.entitlements */,
				CEF2D73F289C1A9D00D34CCE /* Info.plist */,
				CEF2D72A289C194100D34CCE /* App.swift */,
				CEAA2679289D5D5500897FB3 /* Content.swift */,
				CE00C3B128A14E6C00D5129B /* Create.Builder.swift */,
				CE77701128A27D8500190D97 /* Create.Cell.swift */,
				CE77701328A27D9800190D97 /* Create.Editor.swift */,
				CE77700F28A27D6A00190D97 /* Create.Field.swift */,
				CED7FF0E28A514E20008A429 /* Create.Options.swift */,
				CE2025FF28A3F3EA006296A9 /* Create.Settings.swift */,
				CE00C3AD28A143A300D5129B /* Create.swift */,
				CED7FF1628A538DF0008A429 /* Find.Cell.swift */,
				CED7FF1428A538D20008A429 /* Find.Editor.swift */,
				CED7FF1228A538C50008A429 /* Find.Field.swift */,
				CED7FF1028A537FB0008A429 /* Find.swift */,
				CE00C3AF28A1466A00D5129B /* Main.swift */,
				CE00C3B328A150FB00D5129B /* Map.swift */,
				CE00C3AB28A1292E00D5129B /* Session.Flow.swift */,
				CEF2D741289C1E3A00D34CCE /* Session.swift */,
				CEAA266D289D435F00897FB3 /* Sidebar.Cell.swift */,
				CEAA266B289D435300897FB3 /* Sidebar.Editor.swift */,
				CEAA2669289D434700897FB3 /* Sidebar.Field.swift */,
				CE00C3A528A1226C00D5129B /* Sidebar.Item.swift */,
				CEAA2667289D42AE00897FB3 /* Sidebar.swift */,
				CEAA267B289D60C700897FB3 /* Topbar.swift */,
				CE00C3B528A15D3D00D5129B /* User.swift */,
				CEF2D743289C1F3800D34CCE /* Window.swift */,
				CEF2D72E289C194200D34CCE /* Assets.xcassets */,
			);
			path = macOS;
			sourceTree = "<group>";
		};
		CEFE119C2822D26F00C1B6BC = {
			isa = PBXGroup;
			children = (
				CE979AA02827EF4D00FC0EB0 /* Frameworks */,
				CE2C43972822D2B0000007A2 /* iOS */,
				CEF2D729289C194100D34CCE /* macOS */,
				CE2C43962822D2B0000007A2 /* Products */,
				CE2C43A82822D483000007A2 /* Shared */,
				CE146BA8284B6E72002B031D /* watchOS */,
				CE146BB3284B6E73002B031D /* watchOS Extension */,
			);
			sourceTree = "<group>";
		};
/* End PBXGroup section */

/* Begin PBXNativeTarget section */
		CE146BA6284B6E72002B031D /* watchOS */ = {
			isa = PBXNativeTarget;
			buildConfigurationList = CE146BCA284B6E73002B031D /* Build configuration list for PBXNativeTarget "watchOS" */;
			buildPhases = (
				CE146BA5284B6E72002B031D /* Resources */,
				CE146BC6284B6E73002B031D /* Embed App Extensions */,
			);
			buildRules = (
			);
			dependencies = (
				CE146BB2284B6E73002B031D /* PBXTargetDependency */,
			);
			name = watchOS;
			productName = watchOS;
			productReference = CE146BA7284B6E72002B031D /* App.app */;
			productType = "com.apple.product-type.application.watchapp2";
		};
		CE146BAE284B6E73002B031D /* watchOS Extension */ = {
			isa = PBXNativeTarget;
			buildConfigurationList = CE146BC9284B6E73002B031D /* Build configuration list for PBXNativeTarget "watchOS Extension" */;
			buildPhases = (
				CE146BAB284B6E73002B031D /* Sources */,
				CE146BAC284B6E73002B031D /* Frameworks */,
				CE146BAD284B6E73002B031D /* Resources */,
			);
			buildRules = (
			);
			dependencies = (
			);
			name = "watchOS Extension";
			packageProductDependencies = (
				CEF58918284B76C20049A81C /* Offline */,
			);
			productName = "watchOS WatchKit Extension";
			productReference = CE146BAF284B6E73002B031D /* App.appex */;
			productType = "com.apple.product-type.watchkit2-extension";
		};
		CE2C43942822D2B0000007A2 /* iOS */ = {
			isa = PBXNativeTarget;
			buildConfigurationList = CE2C43A32822D2B0000007A2 /* Build configuration list for PBXNativeTarget "iOS" */;
			buildPhases = (
				CE2C43912822D2B0000007A2 /* Sources */,
				CE2C43922822D2B0000007A2 /* Frameworks */,
				CE2C43932822D2B0000007A2 /* Resources */,
				CE146BC3284B6E73002B031D /* Embed Watch Content */,
			);
			buildRules = (
			);
			dependencies = (
				CE146BC1284B6E73002B031D /* PBXTargetDependency */,
			);
			name = iOS;
			packageProductDependencies = (
				CE2C43A52822D2E4000007A2 /* Offline */,
			);
			productName = iOS;
			productReference = CE2C43952822D2B0000007A2 /* App.app */;
			productType = "com.apple.product-type.application";
		};
		CEF2D727289C194100D34CCE /* macOS */ = {
			isa = PBXNativeTarget;
			buildConfigurationList = CEF2D734289C194200D34CCE /* Build configuration list for PBXNativeTarget "macOS" */;
			buildPhases = (
				CEF2D724289C194100D34CCE /* Sources */,
				CEF2D725289C194100D34CCE /* Frameworks */,
				CEF2D726289C194100D34CCE /* Resources */,
			);
			buildRules = (
			);
			dependencies = (
			);
			name = macOS;
			packageProductDependencies = (
				CE002CBD289C1F7B0010F6F9 /* Offline */,
				CEAA2677289D4FE100897FB3 /* Coffee */,
			);
			productName = macOS;
			productReference = CEF2D728289C194100D34CCE /* Offline.app */;
			productType = "com.apple.product-type.application";
		};
/* End PBXNativeTarget section */

/* Begin PBXProject section */
		CEFE119D2822D26F00C1B6BC /* Project object */ = {
			isa = PBXProject;
			attributes = {
				BuildIndependentTargetsInParallel = 1;
				LastSwiftUpdateCheck = 1340;
				LastUpgradeCheck = 1340;
				TargetAttributes = {
					CE146BA6284B6E72002B031D = {
						CreatedOnToolsVersion = 13.4.1;
					};
					CE146BAE284B6E73002B031D = {
						CreatedOnToolsVersion = 13.4.1;
					};
					CE2C43942822D2B0000007A2 = {
						CreatedOnToolsVersion = 13.3.1;
					};
					CEF2D727289C194100D34CCE = {
						CreatedOnToolsVersion = 13.4.1;
					};
				};
			};
			buildConfigurationList = CEFE11A02822D26F00C1B6BC /* Build configuration list for PBXProject "App" */;
			compatibilityVersion = "Xcode 13.0";
			developmentRegion = en;
			hasScannedForEncodings = 0;
			knownRegions = (
				en,
				Base,
			);
			mainGroup = CEFE119C2822D26F00C1B6BC;
			packageReferences = (
				CE2C43A42822D2E4000007A2 /* XCRemoteSwiftPackageReference "offline" */,
				CEAA2674289D4F4900897FB3 /* XCRemoteSwiftPackageReference "coffee" */,
			);
			productRefGroup = CE2C43962822D2B0000007A2 /* Products */;
			projectDirPath = "";
			projectRoot = "";
			targets = (
				CE2C43942822D2B0000007A2 /* iOS */,
				CE146BA6284B6E72002B031D /* watchOS */,
				CE146BAE284B6E73002B031D /* watchOS Extension */,
				CEF2D727289C194100D34CCE /* macOS */,
			);
		};
/* End PBXProject section */

/* Begin PBXResourcesBuildPhase section */
		CE146BA5284B6E72002B031D /* Resources */ = {
			isa = PBXResourcesBuildPhase;
			buildActionMask = 2147483647;
			files = (
				CE146BAA284B6E73002B031D /* Assets.xcassets in Resources */,
			);
			runOnlyForDeploymentPostprocessing = 0;
		};
		CE146BAD284B6E73002B031D /* Resources */ = {
			isa = PBXResourcesBuildPhase;
			buildActionMask = 2147483647;
			files = (
				CEF58922284B7E2B0049A81C /* Global.xcassets in Resources */,
			);
			runOnlyForDeploymentPostprocessing = 0;
		};
		CE2C43932822D2B0000007A2 /* Resources */ = {
			isa = PBXResourcesBuildPhase;
			buildActionMask = 2147483647;
			files = (
				CEF58921284B7E2B0049A81C /* Global.xcassets in Resources */,
				CE2C43AC2822D4CB000007A2 /* Launch Screen.storyboard in Resources */,
				CE2C43AA2822D494000007A2 /* Media.xcassets in Resources */,
				CE2C439D2822D2B0000007A2 /* Assets.xcassets in Resources */,
			);
			runOnlyForDeploymentPostprocessing = 0;
		};
		CEF2D726289C194100D34CCE /* Resources */ = {
			isa = PBXResourcesBuildPhase;
			buildActionMask = 2147483647;
			files = (
				CEF2D73D289C1A4D00D34CCE /* Global.xcassets in Resources */,
				CEF2D73E289C1A5100D34CCE /* Media.xcassets in Resources */,
				CEF2D72F289C194200D34CCE /* Assets.xcassets in Resources */,
			);
			runOnlyForDeploymentPostprocessing = 0;
		};
/* End PBXResourcesBuildPhase section */

/* Begin PBXSourcesBuildPhase section */
		CE146BAB284B6E73002B031D /* Sources */ = {
			isa = PBXSourcesBuildPhase;
			buildActionMask = 2147483647;
			files = (
				CEF63CC0285093A9005EBFED /* Compass.Draw.swift in Sources */,
				CE146BB7284B6E73002B031D /* App.swift in Sources */,
				CEF63CBE28509050005EBFED /* Lazy.swift in Sources */,
				CEF58917284B76AE0049A81C /* App.Delegate.swift in Sources */,
				CEF5891A284B7C140049A81C /* Global.swift in Sources */,
				CEFD5376284F643B008141EC /* GraphicsContext.swift in Sources */,
				CEF5892E284B86D10049A81C /* Detail.swift in Sources */,
				CEF5892B284B7F4F0049A81C /* Main.swift in Sources */,
				CEE82CCF284CCD2500228B2D /* Detail.Item.swift in Sources */,
				CE1EF9C1284E0AAA00E43F2B /* Navigate.swift in Sources */,
				CE1EF9C3284E0C3A00E43F2B /* Navigate.Draw.swift in Sources */,
				CE1EF9C5284E0E1D00E43F2B /* Session.swift in Sources */,
				CEFD5374284F636F008141EC /* Compass.swift in Sources */,
			);
			runOnlyForDeploymentPostprocessing = 0;
		};
		CE2C43912822D2B0000007A2 /* Sources */ = {
			isa = PBXSourcesBuildPhase;
			buildActionMask = 2147483647;
			files = (
				CED82A122848A327003742CC /* Scan.Camera.swift in Sources */,
				CE78C582283CDFB60046FF33 /* Liner.swift in Sources */,
				CE2C43B82822E9AF000007A2 /* UIApplication.swift in Sources */,
				CE979A9E2827EBD400FC0EB0 /* Store.Item.swift in Sources */,
				CE502C99282928DC004F16AF /* Loading.swift in Sources */,
				CE3AF0EE284525AB0016AA02 /* Share.swift in Sources */,
				CE979A982827EB9600FC0EB0 /* UNUserNotificationCenter.swift in Sources */,
				CED82A162848A7C8003742CC /* Scan.Error.swift in Sources */,
				CE7647AC2840DF8F004B7C42 /* Premium.swift in Sources */,
				CE502C9728291267004F16AF /* Pop.swift in Sources */,
				CE3AF0EC2844F4530016AA02 /* Offloaded.swift in Sources */,
				CE979A9A2827EBAD00FC0EB0 /* Store.swift in Sources */,
				CE81D91F2823CEDB00364029 /* Action.swift in Sources */,
				CE979AA42827F0EB00FC0EB0 /* Sheet.swift in Sources */,
				CE2C43B22822E1E2000007A2 /* Create.swift in Sources */,
				CE50539C284A18C2001ACCCB /* About.swift in Sources */,
				CE2C43AE2822E071000007A2 /* Map.swift in Sources */,
				CE4FF11E28327F42008DB139 /* Deleted.swift in Sources */,
				CE979A942827EB1100FC0EB0 /* App.Delegate.swift in Sources */,
				CED82A142848A5B0003742CC /* Scan.Status.swift in Sources */,
				CEAE0094282D418900FB5EFF /* Loading.Progress.swift in Sources */,
				CED82A2028490FFA003742CC /* Copy.swift in Sources */,
				CE81D9232823E4B200364029 /* Field.swift in Sources */,
				CE50539E284A1D1C001ACCCB /* Purchases.swift in Sources */,
				CED82A182848CDE9003742CC /* Scan.Help.swift in Sources */,
				CEFC28DD2835247400E47E23 /* Unzip.swift in Sources */,
				CEE2158328368D230083FC99 /* Navigate.Points.swift in Sources */,
				CE5162852846118F007D5D61 /* Shared.swift in Sources */,
				CEEB863F283CFFA800A9FF13 /* User.swift in Sources */,
				CE979A9C2827EBBE00FC0EB0 /* Store.Status.swift in Sources */,
				CED82A1A2848D7D9003742CC /* Create.Help.swift in Sources */,
				CE979A962827EB6E00FC0EB0 /* Global.swift in Sources */,
				CEFC28DB2834FFAF00E47E23 /* Mapper.swift in Sources */,
				CEBDF1EF282E82D100601056 /* Info.Item.swift in Sources */,
				CE9EF51628424298008169E2 /* Offload.swift in Sources */,
				CE81D9212823E0BE00364029 /* Find.swift in Sources */,
				CEC51ABF28254CD4003DA00D /* Create.Builder.swift in Sources */,
				CE787183282FF7080050BD93 /* Info.swift in Sources */,
				CEC51ABB28252FF3003DA00D /* Session.Flow.swift in Sources */,
				CEC51AB928252F85003DA00D /* Session.swift in Sources */,
				CEFC28D72834E4A900E47E23 /* Navigate.swift in Sources */,
				CE7E701D2844D136008D5CD5 /* Download.swift in Sources */,
				CEE215812836863B0083FC99 /* Navigate.Config.swift in Sources */,
				CE81D92528242DA900364029 /* Find.Item.swift in Sources */,
				CE979AA62827F15400FC0EB0 /* Create.Settings.swift in Sources */,
				CE3A92C7283E6D8D00D52C2A /* Upgrade.swift in Sources */,
				CE787181282FEAA10050BD93 /* Detail.swift in Sources */,
				CE51628728462DC8007D5D61 /* Scan.swift in Sources */,
				CED82A22284910E6003742CC /* Preferences.Info.swift in Sources */,
				CE2C43B42822E4A0000007A2 /* Main.swift in Sources */,
				CEBDF1ED282E72BC00601056 /* Main.Item.swift in Sources */,
				CEFC28D52834E32500E47E23 /* Tiler.swift in Sources */,
				CE979AA82827F21000FC0EB0 /* Create.Options.swift in Sources */,
				CEFC28D92834F0EA00E47E23 /* Navigate.Control.swift in Sources */,
				CE3AF0EA2844F3C10016AA02 /* Downloaded.swift in Sources */,
				CED82A1E28490DC4003742CC /* Preferences.swift in Sources */,
				CE4FF12028327F84008DB139 /* Created.swift in Sources */,
				CED82A1C284909A3003742CC /* Helper.swift in Sources */,
				CE2C43992822D2B0000007A2 /* App.swift in Sources */,
				CE979AAA2827FA3D00FC0EB0 /* Window.swift in Sources */,
				CE9EDCC628475A4100CC7ACB /* Scan.Picker.swift in Sources */,
			);
			runOnlyForDeploymentPostprocessing = 0;
		};
		CEF2D724289C194100D34CCE /* Sources */ = {
			isa = PBXSourcesBuildPhase;
			buildActionMask = 2147483647;
			files = (
				CEAA2668289D42AE00897FB3 /* Sidebar.swift in Sources */,
				CED7FF0F28A514E20008A429 /* Create.Options.swift in Sources */,
				CED7FF1528A538D20008A429 /* Find.Editor.swift in Sources */,
				CE002CC3289C1FA40010F6F9 /* Copy.swift in Sources */,
				CEF2D740289C1E2700D34CCE /* Global.swift in Sources */,
				CE77701428A27D9800190D97 /* Create.Editor.swift in Sources */,
				CE77701028A27D6A00190D97 /* Create.Field.swift in Sources */,
				CEB170F028A3D22900F10A35 /* Tiler.swift in Sources */,
				CE00C3AC28A1292E00D5129B /* Session.Flow.swift in Sources */,
				CE002CBF289C1F8E0010F6F9 /* UNUserNotificationCenter.swift in Sources */,
				CED7FF1328A538C50008A429 /* Find.Field.swift in Sources */,
				CE00C3A628A1226C00D5129B /* Sidebar.Item.swift in Sources */,
				CED7FF1128A537FB0008A429 /* Find.swift in Sources */,
				CEAA267C289D60C700897FB3 /* Topbar.swift in Sources */,
				CEF2D72B289C194100D34CCE /* App.swift in Sources */,
				CE002CC1289C1F980010F6F9 /* Store.Status.swift in Sources */,
				CE00C3AE28A143A300D5129B /* Create.swift in Sources */,
				CE00C3B628A15D3D00D5129B /* User.swift in Sources */,
				CEAA266A289D434700897FB3 /* Sidebar.Field.swift in Sources */,
				CE002CC0289C1F950010F6F9 /* Store.swift in Sources */,
				CE00C3B028A1466A00D5129B /* Main.swift in Sources */,
				CE002CC2289C1F9B0010F6F9 /* Store.Item.swift in Sources */,
				CEAA267A289D5D5500897FB3 /* Content.swift in Sources */,
				CEF2D742289C1E3A00D34CCE /* Session.swift in Sources */,
				CE00C3B428A150FB00D5129B /* Map.swift in Sources */,
				CE00C3B228A14E6C00D5129B /* Create.Builder.swift in Sources */,
				CEAA266C289D435300897FB3 /* Sidebar.Editor.swift in Sources */,
				CE20260028A3F3EA006296A9 /* Create.Settings.swift in Sources */,
				CEF2D744289C1F3800D34CCE /* Window.swift in Sources */,
				CE77701228A27D8500190D97 /* Create.Cell.swift in Sources */,
				CEB170EF28A3D20A00F10A35 /* Liner.swift in Sources */,
				CEAA266E289D435F00897FB3 /* Sidebar.Cell.swift in Sources */,
				CED7FF1728A538DF0008A429 /* Find.Cell.swift in Sources */,
			);
			runOnlyForDeploymentPostprocessing = 0;
		};
/* End PBXSourcesBuildPhase section */

/* Begin PBXTargetDependency section */
		CE146BB2284B6E73002B031D /* PBXTargetDependency */ = {
			isa = PBXTargetDependency;
			target = CE146BAE284B6E73002B031D /* watchOS Extension */;
			targetProxy = CE146BB1284B6E73002B031D /* PBXContainerItemProxy */;
		};
		CE146BC1284B6E73002B031D /* PBXTargetDependency */ = {
			isa = PBXTargetDependency;
			target = CE146BA6284B6E72002B031D /* watchOS */;
			targetProxy = CE146BC0284B6E73002B031D /* PBXContainerItemProxy */;
		};
/* End PBXTargetDependency section */

/* Begin XCBuildConfiguration section */
		CE146BC4284B6E73002B031D /* Debug */ = {
			isa = XCBuildConfiguration;
			buildSettings = {
				ALWAYS_SEARCH_USER_PATHS = NO;
				ASSETCATALOG_COMPILER_APPICON_NAME = AppIcon;
				ASSETCATALOG_COMPILER_GLOBAL_ACCENT_COLOR_NAME = AccentColor;
				ASSETCATALOG_COMPILER_INCLUDE_ALL_APPICON_ASSETS = YES;
				CLANG_ANALYZER_NONNULL = YES;
				CLANG_ANALYZER_NUMBER_OBJECT_CONVERSION = YES_AGGRESSIVE;
				CLANG_CXX_LANGUAGE_STANDARD = "gnu++17";
				CLANG_ENABLE_OBJC_ARC = YES;
				CLANG_ENABLE_OBJC_WEAK = YES;
				CLANG_WARN_DIRECT_OBJC_ISA_USAGE = YES_ERROR;
				CLANG_WARN_DOCUMENTATION_COMMENTS = YES;
				CLANG_WARN_OBJC_ROOT_CLASS = YES_ERROR;
				CLANG_WARN_UNGUARDED_AVAILABILITY = YES_AGGRESSIVE;
				CODE_SIGN_STYLE = Automatic;
				COPY_PHASE_STRIP = NO;
				DEVELOPMENT_TEAM = 7AMWG3RLHN;
				GCC_C_LANGUAGE_STANDARD = gnu11;
				GCC_DYNAMIC_NO_PIC = NO;
				GCC_PREPROCESSOR_DEFINITIONS = (
					"DEBUG=1",
					"$(inherited)",
				);
				GCC_WARN_ABOUT_RETURN_TYPE = YES_ERROR;
				GCC_WARN_UNINITIALIZED_AUTOS = YES_AGGRESSIVE;
				GENERATE_INFOPLIST_FILE = YES;
				IBSC_MODULE = watchOS_WatchKit_Extension;
				INFOPLIST_KEY_CFBundleDisplayName = Offline;
				INFOPLIST_KEY_UISupportedInterfaceOrientations = "UIInterfaceOrientationPortrait UIInterfaceOrientationPortraitUpsideDown";
				INFOPLIST_KEY_WKCompanionAppBundleIdentifier = app.offline;
				MTL_ENABLE_DEBUG_INFO = INCLUDE_SOURCE;
				MTL_FAST_MATH = YES;
				PRODUCT_BUNDLE_IDENTIFIER = app.offline.watch;
				PRODUCT_MODULE_NAME = "$(PRODUCT_NAME:c99extidentifier)Watch";
				SDKROOT = watchos;
				SKIP_INSTALL = YES;
				SWIFT_ACTIVE_COMPILATION_CONDITIONS = DEBUG;
				SWIFT_EMIT_LOC_STRINGS = YES;
				TARGETED_DEVICE_FAMILY = 4;
			};
			name = Debug;
		};
		CE146BC5284B6E73002B031D /* Release */ = {
			isa = XCBuildConfiguration;
			buildSettings = {
				ALWAYS_SEARCH_USER_PATHS = NO;
				ASSETCATALOG_COMPILER_APPICON_NAME = AppIcon;
				ASSETCATALOG_COMPILER_GLOBAL_ACCENT_COLOR_NAME = AccentColor;
				ASSETCATALOG_COMPILER_INCLUDE_ALL_APPICON_ASSETS = YES;
				CLANG_ANALYZER_NONNULL = YES;
				CLANG_ANALYZER_NUMBER_OBJECT_CONVERSION = YES_AGGRESSIVE;
				CLANG_CXX_LANGUAGE_STANDARD = "gnu++17";
				CLANG_ENABLE_OBJC_ARC = YES;
				CLANG_ENABLE_OBJC_WEAK = YES;
				CLANG_WARN_DIRECT_OBJC_ISA_USAGE = YES_ERROR;
				CLANG_WARN_DOCUMENTATION_COMMENTS = YES;
				CLANG_WARN_OBJC_ROOT_CLASS = YES_ERROR;
				CLANG_WARN_UNGUARDED_AVAILABILITY = YES_AGGRESSIVE;
				CODE_SIGN_STYLE = Automatic;
				COPY_PHASE_STRIP = NO;
				DEVELOPMENT_TEAM = 7AMWG3RLHN;
				ENABLE_NS_ASSERTIONS = NO;
				GCC_C_LANGUAGE_STANDARD = gnu11;
				GCC_WARN_ABOUT_RETURN_TYPE = YES_ERROR;
				GCC_WARN_UNINITIALIZED_AUTOS = YES_AGGRESSIVE;
				GENERATE_INFOPLIST_FILE = YES;
				IBSC_MODULE = watchOS_WatchKit_Extension;
				INFOPLIST_KEY_CFBundleDisplayName = Offline;
				INFOPLIST_KEY_UISupportedInterfaceOrientations = "UIInterfaceOrientationPortrait UIInterfaceOrientationPortraitUpsideDown";
				INFOPLIST_KEY_WKCompanionAppBundleIdentifier = app.offline;
				MTL_ENABLE_DEBUG_INFO = NO;
				MTL_FAST_MATH = YES;
				PRODUCT_BUNDLE_IDENTIFIER = app.offline.watch;
				PRODUCT_MODULE_NAME = "$(PRODUCT_NAME:c99extidentifier)Watch";
				SDKROOT = watchos;
				SKIP_INSTALL = YES;
				SWIFT_EMIT_LOC_STRINGS = YES;
				TARGETED_DEVICE_FAMILY = 4;
				VALIDATE_PRODUCT = YES;
			};
			name = Release;
		};
		CE146BC7284B6E73002B031D /* Debug */ = {
			isa = XCBuildConfiguration;
			buildSettings = {
				ALWAYS_SEARCH_USER_PATHS = NO;
				CLANG_ANALYZER_NONNULL = YES;
				CLANG_ANALYZER_NUMBER_OBJECT_CONVERSION = YES_AGGRESSIVE;
				CLANG_CXX_LANGUAGE_STANDARD = "gnu++17";
				CLANG_ENABLE_OBJC_ARC = YES;
				CLANG_ENABLE_OBJC_WEAK = YES;
				CLANG_WARN_DIRECT_OBJC_ISA_USAGE = YES_ERROR;
				CLANG_WARN_DOCUMENTATION_COMMENTS = YES;
				CLANG_WARN_OBJC_ROOT_CLASS = YES_ERROR;
				CLANG_WARN_UNGUARDED_AVAILABILITY = YES_AGGRESSIVE;
				CODE_SIGN_ENTITLEMENTS = "watchOS Extension/watchOS Extension.entitlements";
				CODE_SIGN_STYLE = Automatic;
				COPY_PHASE_STRIP = NO;
				DEVELOPMENT_TEAM = 7AMWG3RLHN;
				GCC_C_LANGUAGE_STANDARD = gnu11;
				GCC_DYNAMIC_NO_PIC = NO;
				GCC_PREPROCESSOR_DEFINITIONS = (
					"DEBUG=1",
					"$(inherited)",
				);
				GCC_WARN_ABOUT_RETURN_TYPE = YES_ERROR;
				GCC_WARN_UNINITIALIZED_AUTOS = YES_AGGRESSIVE;
				GENERATE_INFOPLIST_FILE = YES;
				INFOPLIST_FILE = "watchOS Extension/Info.plist";
				INFOPLIST_KEY_CFBundleDisplayName = Offline;
				INFOPLIST_KEY_NSHumanReadableCopyright = "2022 Offline";
				INFOPLIST_KEY_NSLocationAlwaysAndWhenInUseUsageDescription = "Activate your location to get navigation";
				INFOPLIST_KEY_NSLocationWhenInUseUsageDescription = "Activate your location to get navigation";
				INFOPLIST_KEY_WKRunsIndependentlyOfCompanionApp = YES;
				LD_RUNPATH_SEARCH_PATHS = (
					"$(inherited)",
					"@executable_path/Frameworks",
					"@executable_path/../../Frameworks",
				);
				MTL_ENABLE_DEBUG_INFO = INCLUDE_SOURCE;
				MTL_FAST_MATH = YES;
				PRODUCT_BUNDLE_IDENTIFIER = app.offline.watch.extension;
				PRODUCT_MODULE_NAME = "$(PRODUCT_NAME:c99extidentifier)WatchExtension";
				SDKROOT = watchos;
				SKIP_INSTALL = YES;
				SWIFT_ACTIVE_COMPILATION_CONDITIONS = DEBUG;
				SWIFT_EMIT_LOC_STRINGS = YES;
				TARGETED_DEVICE_FAMILY = 4;
			};
			name = Debug;
		};
		CE146BC8284B6E73002B031D /* Release */ = {
			isa = XCBuildConfiguration;
			buildSettings = {
				ALWAYS_SEARCH_USER_PATHS = NO;
				CLANG_ANALYZER_NONNULL = YES;
				CLANG_ANALYZER_NUMBER_OBJECT_CONVERSION = YES_AGGRESSIVE;
				CLANG_CXX_LANGUAGE_STANDARD = "gnu++17";
				CLANG_ENABLE_OBJC_ARC = YES;
				CLANG_ENABLE_OBJC_WEAK = YES;
				CLANG_WARN_DIRECT_OBJC_ISA_USAGE = YES_ERROR;
				CLANG_WARN_DOCUMENTATION_COMMENTS = YES;
				CLANG_WARN_OBJC_ROOT_CLASS = YES_ERROR;
				CLANG_WARN_UNGUARDED_AVAILABILITY = YES_AGGRESSIVE;
				CODE_SIGN_ENTITLEMENTS = "watchOS Extension/watchOS Extension.entitlements";
				CODE_SIGN_STYLE = Automatic;
				COPY_PHASE_STRIP = NO;
				DEVELOPMENT_TEAM = 7AMWG3RLHN;
				ENABLE_NS_ASSERTIONS = NO;
				GCC_C_LANGUAGE_STANDARD = gnu11;
				GCC_WARN_ABOUT_RETURN_TYPE = YES_ERROR;
				GCC_WARN_UNINITIALIZED_AUTOS = YES_AGGRESSIVE;
				GENERATE_INFOPLIST_FILE = YES;
				INFOPLIST_FILE = "watchOS Extension/Info.plist";
				INFOPLIST_KEY_CFBundleDisplayName = Offline;
				INFOPLIST_KEY_NSHumanReadableCopyright = "2022 Offline";
				INFOPLIST_KEY_NSLocationAlwaysAndWhenInUseUsageDescription = "Activate your location to get navigation";
				INFOPLIST_KEY_NSLocationWhenInUseUsageDescription = "Activate your location to get navigation";
				INFOPLIST_KEY_WKRunsIndependentlyOfCompanionApp = YES;
				LD_RUNPATH_SEARCH_PATHS = (
					"$(inherited)",
					"@executable_path/Frameworks",
					"@executable_path/../../Frameworks",
				);
				MTL_ENABLE_DEBUG_INFO = NO;
				MTL_FAST_MATH = YES;
				PRODUCT_BUNDLE_IDENTIFIER = app.offline.watch.extension;
				PRODUCT_MODULE_NAME = "$(PRODUCT_NAME:c99extidentifier)WatchExtension";
				SDKROOT = watchos;
				SKIP_INSTALL = YES;
				SWIFT_EMIT_LOC_STRINGS = YES;
				TARGETED_DEVICE_FAMILY = 4;
				VALIDATE_PRODUCT = YES;
			};
			name = Release;
		};
		CE2C43A12822D2B0000007A2 /* Debug */ = {
			isa = XCBuildConfiguration;
			buildSettings = {
				ALWAYS_SEARCH_USER_PATHS = NO;
				ASSETCATALOG_COMPILER_APPICON_NAME = AppIcon;
				ASSETCATALOG_COMPILER_GLOBAL_ACCENT_COLOR_NAME = AccentColor;
				ASSETCATALOG_COMPILER_INCLUDE_ALL_APPICON_ASSETS = YES;
				CLANG_ANALYZER_NONNULL = YES;
				CLANG_ANALYZER_NUMBER_OBJECT_CONVERSION = YES_AGGRESSIVE;
				CLANG_CXX_LANGUAGE_STANDARD = "gnu++17";
				CLANG_ENABLE_OBJC_ARC = YES;
				CLANG_ENABLE_OBJC_WEAK = YES;
				CLANG_WARN_BLOCK_CAPTURE_AUTORELEASING = YES;
				CLANG_WARN_BOOL_CONVERSION = YES;
				CLANG_WARN_COMMA = YES;
				CLANG_WARN_CONSTANT_CONVERSION = YES;
				CLANG_WARN_DEPRECATED_OBJC_IMPLEMENTATIONS = YES;
				CLANG_WARN_DIRECT_OBJC_ISA_USAGE = YES_ERROR;
				CLANG_WARN_DOCUMENTATION_COMMENTS = YES;
				CLANG_WARN_EMPTY_BODY = YES;
				CLANG_WARN_ENUM_CONVERSION = YES;
				CLANG_WARN_INFINITE_RECURSION = YES;
				CLANG_WARN_INT_CONVERSION = YES;
				CLANG_WARN_NON_LITERAL_NULL_CONVERSION = YES;
				CLANG_WARN_OBJC_IMPLICIT_RETAIN_SELF = YES;
				CLANG_WARN_OBJC_LITERAL_CONVERSION = YES;
				CLANG_WARN_OBJC_ROOT_CLASS = YES_ERROR;
				CLANG_WARN_QUOTED_INCLUDE_IN_FRAMEWORK_HEADER = YES;
				CLANG_WARN_RANGE_LOOP_ANALYSIS = YES;
				CLANG_WARN_STRICT_PROTOTYPES = YES;
				CLANG_WARN_SUSPICIOUS_MOVE = YES;
				CLANG_WARN_UNGUARDED_AVAILABILITY = YES_AGGRESSIVE;
				CLANG_WARN_UNREACHABLE_CODE = YES;
				CLANG_WARN__DUPLICATE_METHOD_MATCH = YES;
				CODE_SIGN_ENTITLEMENTS = iOS/iOS.entitlements;
				CODE_SIGN_STYLE = Automatic;
				COPY_PHASE_STRIP = NO;
				DEVELOPMENT_TEAM = 7AMWG3RLHN;
				ENABLE_STRICT_OBJC_MSGSEND = YES;
				ENABLE_TESTABILITY = YES;
				GCC_C_LANGUAGE_STANDARD = gnu11;
				GCC_DYNAMIC_NO_PIC = NO;
				GCC_NO_COMMON_BLOCKS = YES;
				GCC_PREPROCESSOR_DEFINITIONS = (
					"DEBUG=1",
					"$(inherited)",
				);
				GCC_WARN_64_TO_32_BIT_CONVERSION = YES;
				GCC_WARN_ABOUT_RETURN_TYPE = YES_ERROR;
				GCC_WARN_UNDECLARED_SELECTOR = YES;
				GCC_WARN_UNINITIALIZED_AUTOS = YES_AGGRESSIVE;
				GCC_WARN_UNUSED_FUNCTION = YES;
				GCC_WARN_UNUSED_VARIABLE = YES;
				GENERATE_INFOPLIST_FILE = YES;
				INFOPLIST_FILE = iOS/Info.plist;
				INFOPLIST_KEY_CFBundleDisplayName = Offline;
				INFOPLIST_KEY_NSCameraUsageDescription = "Scan QR Codes";
				INFOPLIST_KEY_NSLocationAlwaysAndWhenInUseUsageDescription = "Activate your location to get navigation";
				INFOPLIST_KEY_NSLocationWhenInUseUsageDescription = "Activate your location to get navigation";
				INFOPLIST_KEY_NSPhotoLibraryUsageDescription = "Save and load maps from QR Codes";
				INFOPLIST_KEY_UIApplicationSupportsIndirectInputEvents = YES;
				INFOPLIST_KEY_UILaunchStoryboardName = "Launch Screen";
				INFOPLIST_KEY_UIRequiresFullScreen = YES;
				INFOPLIST_KEY_UISupportedInterfaceOrientations = UIInterfaceOrientationPortrait;
				INFOPLIST_KEY_UISupportedInterfaceOrientations_iPad = "UIInterfaceOrientationPortrait UIInterfaceOrientationPortraitUpsideDown UIInterfaceOrientationLandscapeLeft UIInterfaceOrientationLandscapeRight";
				INFOPLIST_KEY_UISupportedInterfaceOrientations_iPhone = UIInterfaceOrientationPortrait;
				LD_RUNPATH_SEARCH_PATHS = (
					"$(inherited)",
					"@executable_path/Frameworks",
				);
				MTL_ENABLE_DEBUG_INFO = INCLUDE_SOURCE;
				MTL_FAST_MATH = YES;
				ONLY_ACTIVE_ARCH = YES;
				PRODUCT_BUNDLE_IDENTIFIER = app.offline;
				SDKROOT = iphoneos;
				SWIFT_ACTIVE_COMPILATION_CONDITIONS = DEBUG;
				SWIFT_EMIT_LOC_STRINGS = YES;
				TARGETED_DEVICE_FAMILY = "1,2";
			};
			name = Debug;
		};
		CE2C43A22822D2B0000007A2 /* Release */ = {
			isa = XCBuildConfiguration;
			buildSettings = {
				ALWAYS_SEARCH_USER_PATHS = NO;
				ASSETCATALOG_COMPILER_APPICON_NAME = AppIcon;
				ASSETCATALOG_COMPILER_GLOBAL_ACCENT_COLOR_NAME = AccentColor;
				ASSETCATALOG_COMPILER_INCLUDE_ALL_APPICON_ASSETS = YES;
				CLANG_ANALYZER_NONNULL = YES;
				CLANG_ANALYZER_NUMBER_OBJECT_CONVERSION = YES_AGGRESSIVE;
				CLANG_CXX_LANGUAGE_STANDARD = "gnu++17";
				CLANG_ENABLE_OBJC_ARC = YES;
				CLANG_ENABLE_OBJC_WEAK = YES;
				CLANG_WARN_BLOCK_CAPTURE_AUTORELEASING = YES;
				CLANG_WARN_BOOL_CONVERSION = YES;
				CLANG_WARN_COMMA = YES;
				CLANG_WARN_CONSTANT_CONVERSION = YES;
				CLANG_WARN_DEPRECATED_OBJC_IMPLEMENTATIONS = YES;
				CLANG_WARN_DIRECT_OBJC_ISA_USAGE = YES_ERROR;
				CLANG_WARN_DOCUMENTATION_COMMENTS = YES;
				CLANG_WARN_EMPTY_BODY = YES;
				CLANG_WARN_ENUM_CONVERSION = YES;
				CLANG_WARN_INFINITE_RECURSION = YES;
				CLANG_WARN_INT_CONVERSION = YES;
				CLANG_WARN_NON_LITERAL_NULL_CONVERSION = YES;
				CLANG_WARN_OBJC_IMPLICIT_RETAIN_SELF = YES;
				CLANG_WARN_OBJC_LITERAL_CONVERSION = YES;
				CLANG_WARN_OBJC_ROOT_CLASS = YES_ERROR;
				CLANG_WARN_QUOTED_INCLUDE_IN_FRAMEWORK_HEADER = YES;
				CLANG_WARN_RANGE_LOOP_ANALYSIS = YES;
				CLANG_WARN_STRICT_PROTOTYPES = YES;
				CLANG_WARN_SUSPICIOUS_MOVE = YES;
				CLANG_WARN_UNGUARDED_AVAILABILITY = YES_AGGRESSIVE;
				CLANG_WARN_UNREACHABLE_CODE = YES;
				CLANG_WARN__DUPLICATE_METHOD_MATCH = YES;
				CODE_SIGN_ENTITLEMENTS = iOS/iOS.entitlements;
				CODE_SIGN_STYLE = Automatic;
				COPY_PHASE_STRIP = NO;
				DEVELOPMENT_TEAM = 7AMWG3RLHN;
				ENABLE_NS_ASSERTIONS = NO;
				ENABLE_STRICT_OBJC_MSGSEND = YES;
				GCC_C_LANGUAGE_STANDARD = gnu11;
				GCC_NO_COMMON_BLOCKS = YES;
				GCC_WARN_64_TO_32_BIT_CONVERSION = YES;
				GCC_WARN_ABOUT_RETURN_TYPE = YES_ERROR;
				GCC_WARN_UNDECLARED_SELECTOR = YES;
				GCC_WARN_UNINITIALIZED_AUTOS = YES_AGGRESSIVE;
				GCC_WARN_UNUSED_FUNCTION = YES;
				GCC_WARN_UNUSED_VARIABLE = YES;
				GENERATE_INFOPLIST_FILE = YES;
				INFOPLIST_FILE = iOS/Info.plist;
				INFOPLIST_KEY_CFBundleDisplayName = Offline;
				INFOPLIST_KEY_NSCameraUsageDescription = "Scan QR Codes";
				INFOPLIST_KEY_NSLocationAlwaysAndWhenInUseUsageDescription = "Activate your location to get navigation";
				INFOPLIST_KEY_NSLocationWhenInUseUsageDescription = "Activate your location to get navigation";
				INFOPLIST_KEY_NSPhotoLibraryUsageDescription = "Save and load maps from QR Codes";
				INFOPLIST_KEY_UIApplicationSupportsIndirectInputEvents = YES;
				INFOPLIST_KEY_UILaunchStoryboardName = "Launch Screen";
				INFOPLIST_KEY_UIRequiresFullScreen = YES;
				INFOPLIST_KEY_UISupportedInterfaceOrientations = UIInterfaceOrientationPortrait;
				INFOPLIST_KEY_UISupportedInterfaceOrientations_iPad = "UIInterfaceOrientationPortrait UIInterfaceOrientationPortraitUpsideDown UIInterfaceOrientationLandscapeLeft UIInterfaceOrientationLandscapeRight";
				INFOPLIST_KEY_UISupportedInterfaceOrientations_iPhone = UIInterfaceOrientationPortrait;
				LD_RUNPATH_SEARCH_PATHS = (
					"$(inherited)",
					"@executable_path/Frameworks",
				);
				MTL_ENABLE_DEBUG_INFO = NO;
				MTL_FAST_MATH = YES;
				PRODUCT_BUNDLE_IDENTIFIER = app.offline;
				SDKROOT = iphoneos;
				SWIFT_EMIT_LOC_STRINGS = YES;
				TARGETED_DEVICE_FAMILY = "1,2";
				VALIDATE_PRODUCT = YES;
			};
			name = Release;
		};
		CEF2D735289C194200D34CCE /* Debug */ = {
			isa = XCBuildConfiguration;
			buildSettings = {
				ALWAYS_SEARCH_USER_PATHS = NO;
				ASSETCATALOG_COMPILER_APPICON_NAME = AppIcon;
				ASSETCATALOG_COMPILER_GLOBAL_ACCENT_COLOR_NAME = AccentColor;
				ASSETCATALOG_COMPILER_INCLUDE_ALL_APPICON_ASSETS = YES;
				CLANG_ANALYZER_NONNULL = YES;
				CLANG_ANALYZER_NUMBER_OBJECT_CONVERSION = YES_AGGRESSIVE;
				CLANG_CXX_LANGUAGE_STANDARD = "gnu++17";
				CLANG_ENABLE_OBJC_ARC = YES;
				CLANG_ENABLE_OBJC_WEAK = YES;
				CLANG_WARN_DIRECT_OBJC_ISA_USAGE = YES_ERROR;
				CLANG_WARN_DOCUMENTATION_COMMENTS = YES;
				CLANG_WARN_OBJC_ROOT_CLASS = YES_ERROR;
				CLANG_WARN_UNGUARDED_AVAILABILITY = YES_AGGRESSIVE;
				CODE_SIGN_ENTITLEMENTS = macOS/macOS.entitlements;
				CODE_SIGN_IDENTITY = "Apple Development";
				CODE_SIGN_STYLE = Automatic;
				COMBINE_HIDPI_IMAGES = YES;
				COPY_PHASE_STRIP = NO;
				DEVELOPMENT_ASSET_PATHS = "";
				DEVELOPMENT_TEAM = 7AMWG3RLHN;
				ENABLE_HARDENED_RUNTIME = YES;
				GCC_C_LANGUAGE_STANDARD = gnu11;
				GCC_DYNAMIC_NO_PIC = NO;
				GCC_PREPROCESSOR_DEFINITIONS = (
					"DEBUG=1",
					"$(inherited)",
				);
				GCC_WARN_ABOUT_RETURN_TYPE = YES_ERROR;
				GCC_WARN_UNINITIALIZED_AUTOS = YES_AGGRESSIVE;
				GENERATE_INFOPLIST_FILE = YES;
				INFOPLIST_FILE = macOS/Info.plist;
				INFOPLIST_KEY_CFBundleDisplayName = Offline;
				INFOPLIST_KEY_LSApplicationCategoryType = "public.app-category.travel";
				INFOPLIST_KEY_NSDownloadsFolderUsageDescription = "Save and load maps from QR Codes";
				INFOPLIST_KEY_NSHumanReadableCopyright = "2022 Offline";
				INFOPLIST_KEY_NSLocationUsageDescription = "Activate your location to get navigation";
				INFOPLIST_KEY_NSPrincipalClass = App.App;
				LD_RUNPATH_SEARCH_PATHS = (
					"$(inherited)",
					"@executable_path/../Frameworks",
				);
				MTL_ENABLE_DEBUG_INFO = INCLUDE_SOURCE;
				MTL_FAST_MATH = YES;
				PRODUCT_BUNDLE_IDENTIFIER = app.offline;
				PRODUCT_MODULE_NAME = App;
				PRODUCT_NAME = Offline;
				SDKROOT = macosx;
				SWIFT_ACTIVE_COMPILATION_CONDITIONS = DEBUG;
				SWIFT_EMIT_LOC_STRINGS = YES;
			};
			name = Debug;
		};
		CEF2D736289C194200D34CCE /* Release */ = {
			isa = XCBuildConfiguration;
			buildSettings = {
				ALWAYS_SEARCH_USER_PATHS = NO;
				ASSETCATALOG_COMPILER_APPICON_NAME = AppIcon;
				ASSETCATALOG_COMPILER_GLOBAL_ACCENT_COLOR_NAME = AccentColor;
				ASSETCATALOG_COMPILER_INCLUDE_ALL_APPICON_ASSETS = YES;
				CLANG_ANALYZER_NONNULL = YES;
				CLANG_ANALYZER_NUMBER_OBJECT_CONVERSION = YES_AGGRESSIVE;
				CLANG_CXX_LANGUAGE_STANDARD = "gnu++17";
				CLANG_ENABLE_OBJC_ARC = YES;
				CLANG_ENABLE_OBJC_WEAK = YES;
				CLANG_WARN_DIRECT_OBJC_ISA_USAGE = YES_ERROR;
				CLANG_WARN_DOCUMENTATION_COMMENTS = YES;
				CLANG_WARN_OBJC_ROOT_CLASS = YES_ERROR;
				CLANG_WARN_UNGUARDED_AVAILABILITY = YES_AGGRESSIVE;
				CODE_SIGN_ENTITLEMENTS = macOS/macOS.entitlements;
				CODE_SIGN_IDENTITY = "Apple Development";
				CODE_SIGN_STYLE = Automatic;
				COMBINE_HIDPI_IMAGES = YES;
				COPY_PHASE_STRIP = NO;
				DEVELOPMENT_ASSET_PATHS = "";
				DEVELOPMENT_TEAM = 7AMWG3RLHN;
				ENABLE_HARDENED_RUNTIME = YES;
				ENABLE_NS_ASSERTIONS = NO;
				GCC_C_LANGUAGE_STANDARD = gnu11;
				GCC_WARN_ABOUT_RETURN_TYPE = YES_ERROR;
				GCC_WARN_UNINITIALIZED_AUTOS = YES_AGGRESSIVE;
				GENERATE_INFOPLIST_FILE = YES;
				INFOPLIST_FILE = macOS/Info.plist;
				INFOPLIST_KEY_CFBundleDisplayName = Offline;
				INFOPLIST_KEY_LSApplicationCategoryType = "public.app-category.travel";
				INFOPLIST_KEY_NSDownloadsFolderUsageDescription = "Save and load maps from QR Codes";
				INFOPLIST_KEY_NSHumanReadableCopyright = "2022 Offline";
				INFOPLIST_KEY_NSLocationUsageDescription = "Activate your location to get navigation";
				INFOPLIST_KEY_NSPrincipalClass = App.App;
				LD_RUNPATH_SEARCH_PATHS = (
					"$(inherited)",
					"@executable_path/../Frameworks",
				);
				MTL_ENABLE_DEBUG_INFO = NO;
				MTL_FAST_MATH = YES;
				PRODUCT_BUNDLE_IDENTIFIER = app.offline;
				PRODUCT_MODULE_NAME = App;
				PRODUCT_NAME = Offline;
				SDKROOT = macosx;
				SWIFT_EMIT_LOC_STRINGS = YES;
			};
			name = Release;
		};
		CEFE11A12822D26F00C1B6BC /* Debug */ = {
			isa = XCBuildConfiguration;
			buildSettings = {
				CLANG_ENABLE_MODULES = YES;
				CLANG_WARN_BLOCK_CAPTURE_AUTORELEASING = YES;
				CLANG_WARN_BOOL_CONVERSION = YES;
				CLANG_WARN_COMMA = YES;
				CLANG_WARN_CONSTANT_CONVERSION = YES;
				CLANG_WARN_DEPRECATED_OBJC_IMPLEMENTATIONS = YES;
				CLANG_WARN_EMPTY_BODY = YES;
				CLANG_WARN_ENUM_CONVERSION = YES;
				CLANG_WARN_INFINITE_RECURSION = YES;
				CLANG_WARN_INT_CONVERSION = YES;
				CLANG_WARN_NON_LITERAL_NULL_CONVERSION = YES;
				CLANG_WARN_OBJC_IMPLICIT_RETAIN_SELF = YES;
				CLANG_WARN_OBJC_LITERAL_CONVERSION = YES;
				CLANG_WARN_QUOTED_INCLUDE_IN_FRAMEWORK_HEADER = YES;
				CLANG_WARN_RANGE_LOOP_ANALYSIS = YES;
				CLANG_WARN_STRICT_PROTOTYPES = YES;
				CLANG_WARN_SUSPICIOUS_MOVE = YES;
				CLANG_WARN_UNREACHABLE_CODE = YES;
				CLANG_WARN__DUPLICATE_METHOD_MATCH = YES;
				CURRENT_PROJECT_VERSION = "$(MARKETING_VERSION)";
				DEBUG_INFORMATION_FORMAT = dwarf;
				ENABLE_BITCODE = NO;
				ENABLE_STRICT_OBJC_MSGSEND = YES;
				ENABLE_TESTABILITY = YES;
				GCC_NO_COMMON_BLOCKS = YES;
				GCC_OPTIMIZATION_LEVEL = 0;
				GCC_WARN_64_TO_32_BIT_CONVERSION = YES;
				GCC_WARN_ABOUT_RETURN_TYPE = YES;
				GCC_WARN_UNDECLARED_SELECTOR = YES;
				GCC_WARN_UNINITIALIZED_AUTOS = YES;
				GCC_WARN_UNUSED_FUNCTION = YES;
				GCC_WARN_UNUSED_VARIABLE = YES;
				IPHONEOS_DEPLOYMENT_TARGET = 15.0;
				MACOSX_DEPLOYMENT_TARGET = 12.0;
				MARKETING_VERSION = 4;
				ONLY_ACTIVE_ARCH = YES;
				PRODUCT_NAME = App;
				SWIFT_INSTALL_OBJC_HEADER = NO;
				SWIFT_OPTIMIZATION_LEVEL = "-Onone";
				SWIFT_OPTIMIZE_OBJECT_LIFETIME = YES;
				SWIFT_VERSION = 5.0;
				TVOS_DEPLOYMENT_TARGET = 15.0;
				WATCHOS_DEPLOYMENT_TARGET = 8.0;
			};
			name = Debug;
		};
		CEFE11A22822D26F00C1B6BC /* Release */ = {
			isa = XCBuildConfiguration;
			buildSettings = {
				ASSETCATALOG_COMPILER_OPTIMIZATION = time;
				CLANG_ENABLE_MODULES = YES;
				CLANG_WARN_BLOCK_CAPTURE_AUTORELEASING = YES;
				CLANG_WARN_BOOL_CONVERSION = YES;
				CLANG_WARN_COMMA = YES;
				CLANG_WARN_CONSTANT_CONVERSION = YES;
				CLANG_WARN_DEPRECATED_OBJC_IMPLEMENTATIONS = YES;
				CLANG_WARN_EMPTY_BODY = YES;
				CLANG_WARN_ENUM_CONVERSION = YES;
				CLANG_WARN_INFINITE_RECURSION = YES;
				CLANG_WARN_INT_CONVERSION = YES;
				CLANG_WARN_NON_LITERAL_NULL_CONVERSION = YES;
				CLANG_WARN_OBJC_IMPLICIT_RETAIN_SELF = YES;
				CLANG_WARN_OBJC_LITERAL_CONVERSION = YES;
				CLANG_WARN_QUOTED_INCLUDE_IN_FRAMEWORK_HEADER = YES;
				CLANG_WARN_RANGE_LOOP_ANALYSIS = YES;
				CLANG_WARN_STRICT_PROTOTYPES = YES;
				CLANG_WARN_SUSPICIOUS_MOVE = YES;
				CLANG_WARN_UNREACHABLE_CODE = YES;
				CLANG_WARN__DUPLICATE_METHOD_MATCH = YES;
				CURRENT_PROJECT_VERSION = "$(MARKETING_VERSION)";
				DEBUG_INFORMATION_FORMAT = "dwarf-with-dsym";
				ENABLE_BITCODE = YES;
				ENABLE_STRICT_OBJC_MSGSEND = YES;
				GCC_NO_COMMON_BLOCKS = YES;
				GCC_OPTIMIZATION_LEVEL = fast;
				GCC_WARN_64_TO_32_BIT_CONVERSION = YES;
				GCC_WARN_ABOUT_RETURN_TYPE = YES;
				GCC_WARN_UNDECLARED_SELECTOR = YES;
				GCC_WARN_UNINITIALIZED_AUTOS = YES;
				GCC_WARN_UNUSED_FUNCTION = YES;
				GCC_WARN_UNUSED_VARIABLE = YES;
				IPHONEOS_DEPLOYMENT_TARGET = 15.0;
				MACOSX_DEPLOYMENT_TARGET = 12.0;
				MARKETING_VERSION = 4;
				PRODUCT_NAME = App;
				SWIFT_COMPILATION_MODE = wholemodule;
				SWIFT_INSTALL_OBJC_HEADER = NO;
				SWIFT_OPTIMIZE_OBJECT_LIFETIME = YES;
				SWIFT_VERSION = 5.0;
				TVOS_DEPLOYMENT_TARGET = 15.0;
				WATCHOS_DEPLOYMENT_TARGET = 8.0;
			};
			name = Release;
		};
/* End XCBuildConfiguration section */

/* Begin XCConfigurationList section */
		CE146BC9284B6E73002B031D /* Build configuration list for PBXNativeTarget "watchOS Extension" */ = {
			isa = XCConfigurationList;
			buildConfigurations = (
				CE146BC7284B6E73002B031D /* Debug */,
				CE146BC8284B6E73002B031D /* Release */,
			);
			defaultConfigurationIsVisible = 0;
			defaultConfigurationName = Release;
		};
		CE146BCA284B6E73002B031D /* Build configuration list for PBXNativeTarget "watchOS" */ = {
			isa = XCConfigurationList;
			buildConfigurations = (
				CE146BC4284B6E73002B031D /* Debug */,
				CE146BC5284B6E73002B031D /* Release */,
			);
			defaultConfigurationIsVisible = 0;
			defaultConfigurationName = Release;
		};
		CE2C43A32822D2B0000007A2 /* Build configuration list for PBXNativeTarget "iOS" */ = {
			isa = XCConfigurationList;
			buildConfigurations = (
				CE2C43A12822D2B0000007A2 /* Debug */,
				CE2C43A22822D2B0000007A2 /* Release */,
			);
			defaultConfigurationIsVisible = 0;
			defaultConfigurationName = Release;
		};
		CEF2D734289C194200D34CCE /* Build configuration list for PBXNativeTarget "macOS" */ = {
			isa = XCConfigurationList;
			buildConfigurations = (
				CEF2D735289C194200D34CCE /* Debug */,
				CEF2D736289C194200D34CCE /* Release */,
			);
			defaultConfigurationIsVisible = 0;
			defaultConfigurationName = Release;
		};
		CEFE11A02822D26F00C1B6BC /* Build configuration list for PBXProject "App" */ = {
			isa = XCConfigurationList;
			buildConfigurations = (
				CEFE11A12822D26F00C1B6BC /* Debug */,
				CEFE11A22822D26F00C1B6BC /* Release */,
			);
			defaultConfigurationIsVisible = 0;
			defaultConfigurationName = Release;
		};
/* End XCConfigurationList section */

/* Begin XCRemoteSwiftPackageReference section */
		CE2C43A42822D2E4000007A2 /* XCRemoteSwiftPackageReference "offline" */ = {
			isa = XCRemoteSwiftPackageReference;
			repositoryURL = "https://github.com/appoff/offline.git";
			requirement = {
				branch = main;
				kind = branch;
			};
		};
		CEAA2674289D4F4900897FB3 /* XCRemoteSwiftPackageReference "coffee" */ = {
			isa = XCRemoteSwiftPackageReference;
			repositoryURL = "https://github.com/macoskit/coffee.git";
			requirement = {
				branch = main;
				kind = branch;
			};
		};
/* End XCRemoteSwiftPackageReference section */

/* Begin XCSwiftPackageProductDependency section */
		CE002CBD289C1F7B0010F6F9 /* Offline */ = {
			isa = XCSwiftPackageProductDependency;
			package = CE2C43A42822D2E4000007A2 /* XCRemoteSwiftPackageReference "offline" */;
			productName = Offline;
		};
		CE2C43A52822D2E4000007A2 /* Offline */ = {
			isa = XCSwiftPackageProductDependency;
			package = CE2C43A42822D2E4000007A2 /* XCRemoteSwiftPackageReference "offline" */;
			productName = Offline;
		};
		CEAA2677289D4FE100897FB3 /* Coffee */ = {
			isa = XCSwiftPackageProductDependency;
			package = CEAA2674289D4F4900897FB3 /* XCRemoteSwiftPackageReference "coffee" */;
			productName = Coffee;
		};
		CEF58918284B76C20049A81C /* Offline */ = {
			isa = XCSwiftPackageProductDependency;
			package = CE2C43A42822D2E4000007A2 /* XCRemoteSwiftPackageReference "offline" */;
			productName = Offline;
		};
/* End XCSwiftPackageProductDependency section */
	};
	rootObject = CEFE119D2822D26F00C1B6BC /* Project object */;
}
