{
  "pins" : [
    {
      "identity" : "offline",
      "kind" : "remoteSourceControl",
      "location" : "https://github.com/appoff/offline.git",
      "state" : {
        "branch" : "main",
        "revision" : "8aa49bf970dd2e767df4159f03db93b9c0978e04"
      }
    },
    {
      "identity" : "package",
      "kind" : "remoteSourceControl",
      "location" : "https://github.com/archivable/package.git",
      "state" : {
        "branch" : "main",
        "revision" : "175d70de9166d41e60562db14897ee6cc2092c6d"
      }
    }
  ],
  "version" : 2
}
