{
  "pins" : [
    {
      "identity" : "offline",
      "kind" : "remoteSourceControl",
      "location" : "https://github.com/appoff/offline.git",
      "state" : {
        "branch" : "main",
        "revision" : "b70588051f1695356b783ab2a34ee415e4de84c0"
      }
    },
    {
      "identity" : "package",
      "kind" : "remoteSourceControl",
      "location" : "https://github.com/archivable/package.git",
      "state" : {
        "branch" : "main",
        "revision" : "2872c6e5c68656d6fbeaaea4fdb65d78be1f8ac7"
      }
    }
  ],
  "version" : 2
}
