{
  "pins" : [
    {
      "identity" : "offline",
      "kind" : "remoteSourceControl",
      "location" : "https://github.com/appoff/offline.git",
      "state" : {
        "branch" : "main",
        "revision" : "6bc2baa661639db5d9342f728320ac4172b55e84"
      }
    },
    {
      "identity" : "package",
      "kind" : "remoteSourceControl",
      "location" : "https://github.com/archivable/package.git",
      "state" : {
        "branch" : "main",
        "revision" : "175d70de9166d41e60562db14897ee6cc2092c6d"
      }
    }
  ],
  "version" : 2
}
